// !$*UTF8*$!
{
	archiveVersion = 1;
	classes = {
	};
	objectVersion = 42;
	objects = {

/* Begin PBXBuildFile section */
		3E0FA57C0CC6F546002D9247 /* plus.tif in Resources */ = {isa = PBXBuildFile; fileRef = 3E0FA57B0CC6F546002D9247 /* plus.tif */; };
		3E0FA5830CC6F821002D9247 /* plusPressed.tif in Resources */ = {isa = PBXBuildFile; fileRef = 3E0FA5820CC6F821002D9247 /* plusPressed.tif */; };
		3E0FA5870CC6F8DD002D9247 /* ImageButton.m in Sources */ = {isa = PBXBuildFile; fileRef = 3E0FA5860CC6F8DD002D9247 /* ImageButton.m */; };
		3E0FA5940CC70183002D9247 /* minus.tif in Resources */ = {isa = PBXBuildFile; fileRef = 3E0FA5920CC70183002D9247 /* minus.tif */; };
		3E0FA5950CC70183002D9247 /* minusPressed.tif in Resources */ = {isa = PBXBuildFile; fileRef = 3E0FA5930CC70183002D9247 /* minusPressed.tif */; };
		3E1670660C61740F0014705B /* DripDelegate.m in Sources */ = {isa = PBXBuildFile; fileRef = 3E1670650C61740F0014705B /* DripDelegate.m */; };
		3E1D27CB0D04E0EF00FB5F41 /* DripEventLayerImageFill.m in Sources */ = {isa = PBXBuildFile; fileRef = 3E1D27CA0D04E0EF00FB5F41 /* DripEventLayerImageFill.m */; };
		3E1D29B90D07D31700FB5F41 /* CenteredClipView.m in Sources */ = {isa = PBXBuildFile; fileRef = 3E1D29B60D07D31700FB5F41 /* CenteredClipView.m */; };
		3E1D29BE0D07D35D00FB5F41 /* CenteredScrollView.m in Sources */ = {isa = PBXBuildFile; fileRef = 3E1D29BD0D07D35D00FB5F41 /* CenteredScrollView.m */; };
		3E1D29C10D07D3BA00FB5F41 /* SketchView.m in Sources */ = {isa = PBXBuildFile; fileRef = 3E1D29C00D07D3BA00FB5F41 /* SketchView.m */; };
		3E31448C0CA1ABCF00BF3DB3 /* CenteredTextCell.m in Sources */ = {isa = PBXBuildFile; fileRef = 3E31448B0CA1ABCF00BF3DB3 /* CenteredTextCell.m */; };
		3E3146410CA23FDF00BF3DB3 /* DripEventLayerCollapse.m in Sources */ = {isa = PBXBuildFile; fileRef = 3E3146400CA23FDF00BF3DB3 /* DripEventLayerCollapse.m */; };
		3E3146E60CA3317700BF3DB3 /* QuickTime.framework in Frameworks */ = {isa = PBXBuildFile; fileRef = 3E3146E50CA3317700BF3DB3 /* QuickTime.framework */; };
		3E39D9380C67B1A300F0D3FD /* Brush.m in Sources */ = {isa = PBXBuildFile; fileRef = 3E39D9370C67B1A300F0D3FD /* Brush.m */; };
		3E39DA910C6822CA00F0D3FD /* BrushController.m in Sources */ = {isa = PBXBuildFile; fileRef = 3E39DA900C6822CA00F0D3FD /* BrushController.m */; };
		3E39DD1A0C69080500F0D3FD /* BrushEraser.m in Sources */ = {isa = PBXBuildFile; fileRef = 3E39DD190C69080500F0D3FD /* BrushEraser.m */; };
		3E39DF0D0C696EF600F0D3FD /* Carbon.framework in Frameworks */ = {isa = PBXBuildFile; fileRef = 3E39DF0C0C696EF600F0D3FD /* Carbon.framework */; };
		3E4399A00CC95760008789DF /* minusDark.tif in Resources */ = {isa = PBXBuildFile; fileRef = 3E43999E0CC95760008789DF /* minusDark.tif */; };
		3E4399A10CC95760008789DF /* plusDark.tif in Resources */ = {isa = PBXBuildFile; fileRef = 3E43999F0CC95760008789DF /* plusDark.tif */; };
		3E4399A90CC96070008789DF /* collapse.tif in Resources */ = {isa = PBXBuildFile; fileRef = 3E4399A80CC96070008789DF /* collapse.tif */; };
		3E439AA30CCA65B7008789DF /* Artist.m in Sources */ = {isa = PBXBuildFile; fileRef = 3E439AA20CCA65B7008789DF /* Artist.m */; };
		3E439CB10CCBE496008789DF /* TIPCGUtils.c in Sources */ = {isa = PBXBuildFile; fileRef = 3E439CAF0CCBE496008789DF /* TIPCGUtils.c */; };
		3E439CB60CCBE4F1008789DF /* HUDView.m in Sources */ = {isa = PBXBuildFile; fileRef = 3E439CB50CCBE4F1008789DF /* HUDView.m */; };
		3E4A61680CA47AF300C67DFC /* Quartz.framework in Frameworks */ = {isa = PBXBuildFile; fileRef = 3E4A61670CA47AF300C67DFC /* Quartz.framework */; };
		3E4A63F40CA4EC1900C67DFC /* MovieEncoder.m in Sources */ = {isa = PBXBuildFile; fileRef = 3E4A63F30CA4EC1900C67DFC /* MovieEncoder.m */; };
		3E51E1AC0CFE0D4A0013BFE5 /* MovieExport.nib in Resources */ = {isa = PBXBuildFile; fileRef = 3E51E1AA0CFE0D4A0013BFE5 /* MovieExport.nib */; };
		3E5488AB0B4C9572005ED4DA /* DripDocumentWindowController.m in Sources */ = {isa = PBXBuildFile; fileRef = 3E5488AA0B4C9572005ED4DA /* DripDocumentWindowController.m */; };
		3E5849D20C7022850093CD10 /* AnimatingTableView.m in Sources */ = {isa = PBXBuildFile; fileRef = 3E5849D10C7022850093CD10 /* AnimatingTableView.m */; };
		3E596E690CC09DF6006FA3A2 /* CheckerPattern.c in Sources */ = {isa = PBXBuildFile; fileRef = 3E596E680CC09DF6006FA3A2 /* CheckerPattern.c */; };
		3E596F6C0CC14F36006FA3A2 /* DripEventLayerFill.m in Sources */ = {isa = PBXBuildFile; fileRef = 3E596F6B0CC14F36006FA3A2 /* DripEventLayerFill.m */; };
		3E59715E0CC544F3006FA3A2 /* ImageExport.nib in Resources */ = {isa = PBXBuildFile; fileRef = 3E59715C0CC544F3006FA3A2 /* ImageExport.nib */; };
		3E5971630CC5452A006FA3A2 /* ImageExporter.m in Sources */ = {isa = PBXBuildFile; fileRef = 3E5971620CC5452A006FA3A2 /* ImageExporter.m */; };
		3E59716D0CC54616006FA3A2 /* CompressionPreview.m in Sources */ = {isa = PBXBuildFile; fileRef = 3E59716C0CC54616006FA3A2 /* CompressionPreview.m */; };
		3E5AE4820C991F4A00BB7C9D /* BrushResat.m in Sources */ = {isa = PBXBuildFile; fileRef = 3E5AE4810C991F4A00BB7C9D /* BrushResat.m */; };
		3E5AE5380C99B57800BB7C9D /* DripEventStrokeBegin.m in Sources */ = {isa = PBXBuildFile; fileRef = 3E5AE5370C99B57800BB7C9D /* DripEventStrokeBegin.m */; };
		3E5AE5420C99B61200BB7C9D /* DripEventStrokeContinue.m in Sources */ = {isa = PBXBuildFile; fileRef = 3E5AE5410C99B61200BB7C9D /* DripEventStrokeContinue.m */; };
		3E79DC400CB408AA00B5F4BB /* Layer.m in Sources */ = {isa = PBXBuildFile; fileRef = 3E79DC3F0CB408AA00B5F4BB /* Layer.m */; };
		3E7AB11A0C7BD98A004389F6 /* NSData+gzip.m in Sources */ = {isa = PBXBuildFile; fileRef = 3E7AB1190C7BD98A004389F6 /* NSData+gzip.m */; };
		3E856CAB0CB99E5300479845 /* CleanColorWell.m in Sources */ = {isa = PBXBuildFile; fileRef = 3E856CAA0CB99E5300479845 /* CleanColorWell.m */; };
		3E856D2F0CB9EDBE00479845 /* ColoredView.m in Sources */ = {isa = PBXBuildFile; fileRef = 3E856D2E0CB9EDBE00479845 /* ColoredView.m */; };
		3E856E030CBA0DA900479845 /* ShelfView.m in Sources */ = {isa = PBXBuildFile; fileRef = 3E856E020CBA0DA900479845 /* ShelfView.m */; };
		3E89C85F0B499F4200134E08 /* main.m in Sources */ = {isa = PBXBuildFile; fileRef = 3E89C85C0B499F4200134E08 /* main.m */; };
		3E89C8600B499F4200134E08 /* DripDocument.m in Sources */ = {isa = PBXBuildFile; fileRef = 3E89C85E0B499F4200134E08 /* DripDocument.m */; };
		3E8AF99E0CBB479C0056C32F /* Drip.icns in Resources */ = {isa = PBXBuildFile; fileRef = 3E8AF99D0CBB479C0056C32F /* Drip.icns */; };
		3E8C399E0C8F80820091E8BE /* DripEventLayerAdd.m in Sources */ = {isa = PBXBuildFile; fileRef = 3E8C399D0C8F80820091E8BE /* DripEventLayerAdd.m */; };
		3E8C39B70C8F82AD0091E8BE /* DripEventLayerDelete.m in Sources */ = {isa = PBXBuildFile; fileRef = 3E8C39B60C8F82AD0091E8BE /* DripEventLayerDelete.m */; };
		3E8C39BE0C8F83520091E8BE /* DripEventLayerMove.m in Sources */ = {isa = PBXBuildFile; fileRef = 3E8C39BD0C8F83520091E8BE /* DripEventLayerMove.m */; };
		3E8C3A450C90D3400091E8BE /* DripEventLayerSettings.m in Sources */ = {isa = PBXBuildFile; fileRef = 3E8C3A440C90D3400091E8BE /* DripEventLayerSettings.m */; };
		3E8C3AD70C91D74B0091E8BE /* DripEventLayerChange.m in Sources */ = {isa = PBXBuildFile; fileRef = 3E8C3AD60C91D74B0091E8BE /* DripEventLayerChange.m */; };
		3E8C3B5E0C921D1B0091E8BE /* DripInspectors.m in Sources */ = {isa = PBXBuildFile; fileRef = 3E8C3B5D0C921D1B0091E8BE /* DripInspectors.m */; };
		3E8C3BB80C922A0C0091E8BE /* DripInspectors.nib in Resources */ = {isa = PBXBuildFile; fileRef = 3E8C3BB60C922A0C0091E8BE /* DripInspectors.nib */; };
		3E9080E00CB60FF5001CA43D /* DripEventStrokeEnd.m in Sources */ = {isa = PBXBuildFile; fileRef = 3E9080DF0CB60FF5001CA43D /* DripEventStrokeEnd.m */; };
		3E9081090CB6F7DE001CA43D /* MaskLayer.m in Sources */ = {isa = PBXBuildFile; fileRef = 3E9081080CB6F7DE001CA43D /* MaskLayer.m */; };
		3EBA19110D513759003A91B6 /* CGImageWrapper.m in Sources */ = {isa = PBXBuildFile; fileRef = 3EBA19100D513759003A91B6 /* CGImageWrapper.m */; };
		3ED06C490C89FAF000BF0669 /* DripEvent.m in Sources */ = {isa = PBXBuildFile; fileRef = 3ED06C480C89FAF000BF0669 /* DripEvent.m */; };
		3ED06C750C89FE1800BF0669 /* DripEventBrushSettings.m in Sources */ = {isa = PBXBuildFile; fileRef = 3ED06C740C89FE1800BF0669 /* DripEventBrushSettings.m */; };
		3EE0888D0C62C60000CAE28C /* LayerController.m in Sources */ = {isa = PBXBuildFile; fileRef = 3EE0888C0C62C60000CAE28C /* LayerController.m */; };
		3EE088970C62C6A500CAE28C /* BrushView.m in Sources */ = {isa = PBXBuildFile; fileRef = 3EE088960C62C6A500CAE28C /* BrushView.m */; };
		3EE088EE0C62F9C400CAE28C /* PaintLayer.m in Sources */ = {isa = PBXBuildFile; fileRef = 3EE088ED0C62F9C400CAE28C /* PaintLayer.m */; };
		3EE089170C6304FB00CAE28C /* Canvas.m in Sources */ = {isa = PBXBuildFile; fileRef = 3EE089160C6304FB00CAE28C /* Canvas.m */; };
		3EFC11D60CBE051D009F52D1 /* FramedImageCell.m in Sources */ = {isa = PBXBuildFile; fileRef = 3EFC11D50CBE051D009F52D1 /* FramedImageCell.m */; };
		8D15AC2C0486D014006FF6A4 /* Credits.rtf in Resources */ = {isa = PBXBuildFile; fileRef = 2A37F4B9FDCFA73011CA2CEA /* Credits.rtf */; };
		8D15AC2D0486D014006FF6A4 /* MainMenu.nib in Resources */ = {isa = PBXBuildFile; fileRef = 2A37F4B6FDCFA73011CA2CEA /* MainMenu.nib */; };
		8D15AC2E0486D014006FF6A4 /* DripDocument.nib in Resources */ = {isa = PBXBuildFile; fileRef = 2A37F4B4FDCFA73011CA2CEA /* DripDocument.nib */; };
		8D15AC2F0486D014006FF6A4 /* InfoPlist.strings in Resources */ = {isa = PBXBuildFile; fileRef = 089C165FFE840EACC02AAC07 /* InfoPlist.strings */; };
		8D15AC340486D014006FF6A4 /* Cocoa.framework in Frameworks */ = {isa = PBXBuildFile; fileRef = 1058C7A7FEA54F5311CA2CBB /* Cocoa.framework */; };
/* End PBXBuildFile section */

/* Begin PBXFileReference section */
		089C1660FE840EACC02AAC07 /* English */ = {isa = PBXFileReference; fileEncoding = 10; lastKnownFileType = text.plist.strings; name = English; path = English.lproj/InfoPlist.strings; sourceTree = "<group>"; };
		1058C7A7FEA54F5311CA2CBB /* Cocoa.framework */ = {isa = PBXFileReference; lastKnownFileType = wrapper.framework; name = Cocoa.framework; path = /System/Library/Frameworks/Cocoa.framework; sourceTree = "<absolute>"; };
		13E42FBA07B3F13500E4EEF1 /* CoreData.framework */ = {isa = PBXFileReference; lastKnownFileType = wrapper.framework; name = CoreData.framework; path = /System/Library/Frameworks/CoreData.framework; sourceTree = "<absolute>"; };
		2A37F4B5FDCFA73011CA2CEA /* English */ = {isa = PBXFileReference; lastKnownFileType = wrapper.nib; name = English; path = English.lproj/DripDocument.nib; sourceTree = "<group>"; };
		2A37F4B7FDCFA73011CA2CEA /* English */ = {isa = PBXFileReference; lastKnownFileType = wrapper.nib; name = English; path = English.lproj/MainMenu.nib; sourceTree = "<group>"; };
		2A37F4BAFDCFA73011CA2CEA /* English */ = {isa = PBXFileReference; lastKnownFileType = text.rtf; name = English; path = English.lproj/Credits.rtf; sourceTree = "<group>"; };
		2A37F4C4FDCFA73011CA2CEA /* AppKit.framework */ = {isa = PBXFileReference; lastKnownFileType = wrapper.framework; name = AppKit.framework; path = /System/Library/Frameworks/AppKit.framework; sourceTree = "<absolute>"; };
		2A37F4C5FDCFA73011CA2CEA /* Foundation.framework */ = {isa = PBXFileReference; lastKnownFileType = wrapper.framework; name = Foundation.framework; path = /System/Library/Frameworks/Foundation.framework; sourceTree = "<absolute>"; };
		3E0FA57B0CC6F546002D9247 /* plus.tif */ = {isa = PBXFileReference; lastKnownFileType = image.tiff; path = plus.tif; sourceTree = "<group>"; };
		3E0FA5820CC6F821002D9247 /* plusPressed.tif */ = {isa = PBXFileReference; lastKnownFileType = image.tiff; path = plusPressed.tif; sourceTree = "<group>"; };
		3E0FA5850CC6F8DD002D9247 /* ImageButton.h */ = {isa = PBXFileReference; fileEncoding = 4; lastKnownFileType = sourcecode.c.h; path = ImageButton.h; sourceTree = "<group>"; };
		3E0FA5860CC6F8DD002D9247 /* ImageButton.m */ = {isa = PBXFileReference; fileEncoding = 4; lastKnownFileType = sourcecode.c.objc; path = ImageButton.m; sourceTree = "<group>"; };
		3E0FA5920CC70183002D9247 /* minus.tif */ = {isa = PBXFileReference; lastKnownFileType = image.tiff; path = minus.tif; sourceTree = "<group>"; };
		3E0FA5930CC70183002D9247 /* minusPressed.tif */ = {isa = PBXFileReference; lastKnownFileType = image.tiff; path = minusPressed.tif; sourceTree = "<group>"; };
		3E1670640C61740F0014705B /* DripDelegate.h */ = {isa = PBXFileReference; fileEncoding = 4; lastKnownFileType = sourcecode.c.h; path = DripDelegate.h; sourceTree = "<group>"; };
		3E1670650C61740F0014705B /* DripDelegate.m */ = {isa = PBXFileReference; fileEncoding = 4; lastKnownFileType = sourcecode.c.objc; path = DripDelegate.m; sourceTree = "<group>"; };
		3E1D27C90D04E0EF00FB5F41 /* DripEventLayerImageFill.h */ = {isa = PBXFileReference; fileEncoding = 4; lastKnownFileType = sourcecode.c.h; path = DripEventLayerImageFill.h; sourceTree = "<group>"; };
		3E1D27CA0D04E0EF00FB5F41 /* DripEventLayerImageFill.m */ = {isa = PBXFileReference; fileEncoding = 4; lastKnownFileType = sourcecode.c.objc; path = DripEventLayerImageFill.m; sourceTree = "<group>"; };
		3E1D29B50D07D31700FB5F41 /* CenteredClipView.h */ = {isa = PBXFileReference; fileEncoding = 4; lastKnownFileType = sourcecode.c.h; path = CenteredClipView.h; sourceTree = "<group>"; };
		3E1D29B60D07D31700FB5F41 /* CenteredClipView.m */ = {isa = PBXFileReference; fileEncoding = 4; lastKnownFileType = sourcecode.c.objc; path = CenteredClipView.m; sourceTree = "<group>"; };
		3E1D29BC0D07D35D00FB5F41 /* CenteredScrollView.h */ = {isa = PBXFileReference; fileEncoding = 4; lastKnownFileType = sourcecode.c.h; path = CenteredScrollView.h; sourceTree = "<group>"; };
		3E1D29BD0D07D35D00FB5F41 /* CenteredScrollView.m */ = {isa = PBXFileReference; fileEncoding = 4; lastKnownFileType = sourcecode.c.objc; path = CenteredScrollView.m; sourceTree = "<group>"; };
		3E1D29BF0D07D3BA00FB5F41 /* SketchView.h */ = {isa = PBXFileReference; fileEncoding = 4; lastKnownFileType = sourcecode.c.h; path = SketchView.h; sourceTree = "<group>"; };
		3E1D29C00D07D3BA00FB5F41 /* SketchView.m */ = {isa = PBXFileReference; fileEncoding = 4; lastKnownFileType = sourcecode.c.objc; path = SketchView.m; sourceTree = "<group>"; };
		3E31448A0CA1ABCF00BF3DB3 /* CenteredTextCell.h */ = {isa = PBXFileReference; fileEncoding = 4; lastKnownFileType = sourcecode.c.h; path = CenteredTextCell.h; sourceTree = "<group>"; };
		3E31448B0CA1ABCF00BF3DB3 /* CenteredTextCell.m */ = {isa = PBXFileReference; fileEncoding = 4; lastKnownFileType = sourcecode.c.objc; path = CenteredTextCell.m; sourceTree = "<group>"; };
		3E31463F0CA23FDF00BF3DB3 /* DripEventLayerCollapse.h */ = {isa = PBXFileReference; fileEncoding = 4; lastKnownFileType = sourcecode.c.h; path = DripEventLayerCollapse.h; sourceTree = "<group>"; };
		3E3146400CA23FDF00BF3DB3 /* DripEventLayerCollapse.m */ = {isa = PBXFileReference; fileEncoding = 4; lastKnownFileType = sourcecode.c.objc; path = DripEventLayerCollapse.m; sourceTree = "<group>"; };
		3E3146E50CA3317700BF3DB3 /* QuickTime.framework */ = {isa = PBXFileReference; lastKnownFileType = wrapper.framework; name = QuickTime.framework; path = /System/Library/Frameworks/QuickTime.framework; sourceTree = "<absolute>"; };
		3E39D9360C67B1A300F0D3FD /* Brush.h */ = {isa = PBXFileReference; fileEncoding = 4; lastKnownFileType = sourcecode.c.h; path = Brush.h; sourceTree = "<group>"; };
		3E39D9370C67B1A300F0D3FD /* Brush.m */ = {isa = PBXFileReference; fileEncoding = 4; lastKnownFileType = sourcecode.c.objc; path = Brush.m; sourceTree = "<group>"; };
		3E39DA8F0C6822CA00F0D3FD /* BrushController.h */ = {isa = PBXFileReference; fileEncoding = 4; lastKnownFileType = sourcecode.c.h; name = BrushController.h; path = Source/BrushController.h; sourceTree = "<group>"; };
		3E39DA900C6822CA00F0D3FD /* BrushController.m */ = {isa = PBXFileReference; fileEncoding = 4; lastKnownFileType = sourcecode.c.objc; name = BrushController.m; path = Source/BrushController.m; sourceTree = "<group>"; };
		3E39DD180C69080500F0D3FD /* BrushEraser.h */ = {isa = PBXFileReference; fileEncoding = 4; lastKnownFileType = sourcecode.c.h; path = BrushEraser.h; sourceTree = "<group>"; };
		3E39DD190C69080500F0D3FD /* BrushEraser.m */ = {isa = PBXFileReference; fileEncoding = 4; lastKnownFileType = sourcecode.c.objc; path = BrushEraser.m; sourceTree = "<group>"; };
		3E39DF0C0C696EF600F0D3FD /* Carbon.framework */ = {isa = PBXFileReference; lastKnownFileType = wrapper.framework; name = Carbon.framework; path = /System/Library/Frameworks/Carbon.framework; sourceTree = "<absolute>"; };
		3E43999E0CC95760008789DF /* minusDark.tif */ = {isa = PBXFileReference; lastKnownFileType = image.tiff; path = minusDark.tif; sourceTree = "<group>"; };
		3E43999F0CC95760008789DF /* plusDark.tif */ = {isa = PBXFileReference; lastKnownFileType = image.tiff; path = plusDark.tif; sourceTree = "<group>"; };
		3E4399A80CC96070008789DF /* collapse.tif */ = {isa = PBXFileReference; lastKnownFileType = image.tiff; path = collapse.tif; sourceTree = "<group>"; };
		3E439AA10CCA65B7008789DF /* Artist.h */ = {isa = PBXFileReference; fileEncoding = 4; lastKnownFileType = sourcecode.c.h; path = Artist.h; sourceTree = "<group>"; };
		3E439AA20CCA65B7008789DF /* Artist.m */ = {isa = PBXFileReference; fileEncoding = 4; lastKnownFileType = sourcecode.c.objc; path = Artist.m; sourceTree = "<group>"; };
		3E439CAF0CCBE496008789DF /* TIPCGUtils.c */ = {isa = PBXFileReference; fileEncoding = 30; lastKnownFileType = sourcecode.c.c; path = TIPCGUtils.c; sourceTree = "<group>"; };
		3E439CB00CCBE496008789DF /* TIPCGUtils.h */ = {isa = PBXFileReference; fileEncoding = 30; lastKnownFileType = sourcecode.c.h; path = TIPCGUtils.h; sourceTree = "<group>"; };
		3E439CB40CCBE4F1008789DF /* HUDView.h */ = {isa = PBXFileReference; fileEncoding = 4; lastKnownFileType = sourcecode.c.h; path = HUDView.h; sourceTree = "<group>"; };
		3E439CB50CCBE4F1008789DF /* HUDView.m */ = {isa = PBXFileReference; fileEncoding = 4; lastKnownFileType = sourcecode.c.objc; path = HUDView.m; sourceTree = "<group>"; };
		3E4A61670CA47AF300C67DFC /* Quartz.framework */ = {isa = PBXFileReference; lastKnownFileType = wrapper.framework; name = Quartz.framework; path = /System/Library/Frameworks/Quartz.framework; sourceTree = "<absolute>"; };
		3E4A63F20CA4EC1900C67DFC /* MovieEncoder.h */ = {isa = PBXFileReference; fileEncoding = 4; lastKnownFileType = sourcecode.c.h; path = MovieEncoder.h; sourceTree = "<group>"; };
		3E4A63F30CA4EC1900C67DFC /* MovieEncoder.m */ = {isa = PBXFileReference; fileEncoding = 4; lastKnownFileType = sourcecode.c.objc; path = MovieEncoder.m; sourceTree = "<group>"; };
		3E51E1AB0CFE0D4A0013BFE5 /* English */ = {isa = PBXFileReference; lastKnownFileType = wrapper.nib; name = English; path = English.lproj/MovieExport.nib; sourceTree = "<group>"; };
		3E5488A90B4C9572005ED4DA /* DripDocumentWindowController.h */ = {isa = PBXFileReference; fileEncoding = 4; lastKnownFileType = sourcecode.c.h; path = DripDocumentWindowController.h; sourceTree = "<group>"; };
		3E5488AA0B4C9572005ED4DA /* DripDocumentWindowController.m */ = {isa = PBXFileReference; fileEncoding = 4; lastKnownFileType = sourcecode.c.objc; path = DripDocumentWindowController.m; sourceTree = "<group>"; };
		3E5849D00C7022850093CD10 /* AnimatingTableView.h */ = {isa = PBXFileReference; fileEncoding = 4; lastKnownFileType = sourcecode.c.h; path = AnimatingTableView.h; sourceTree = "<group>"; };
		3E5849D10C7022850093CD10 /* AnimatingTableView.m */ = {isa = PBXFileReference; fileEncoding = 4; lastKnownFileType = sourcecode.c.objc; path = AnimatingTableView.m; sourceTree = "<group>"; };
		3E596E670CC09DF6006FA3A2 /* CheckerPattern.h */ = {isa = PBXFileReference; fileEncoding = 4; lastKnownFileType = sourcecode.c.h; path = CheckerPattern.h; sourceTree = "<group>"; };
		3E596E680CC09DF6006FA3A2 /* CheckerPattern.c */ = {isa = PBXFileReference; fileEncoding = 4; lastKnownFileType = sourcecode.c.c; path = CheckerPattern.c; sourceTree = "<group>"; };
		3E596F6A0CC14F36006FA3A2 /* DripEventLayerFill.h */ = {isa = PBXFileReference; fileEncoding = 4; lastKnownFileType = sourcecode.c.h; path = DripEventLayerFill.h; sourceTree = "<group>"; };
		3E596F6B0CC14F36006FA3A2 /* DripEventLayerFill.m */ = {isa = PBXFileReference; fileEncoding = 4; lastKnownFileType = sourcecode.c.objc; path = DripEventLayerFill.m; sourceTree = "<group>"; };
		3E59715D0CC544F3006FA3A2 /* English */ = {isa = PBXFileReference; lastKnownFileType = wrapper.nib; name = English; path = English.lproj/ImageExport.nib; sourceTree = "<group>"; };
		3E5971610CC5452A006FA3A2 /* ImageExporter.h */ = {isa = PBXFileReference; fileEncoding = 4; lastKnownFileType = sourcecode.c.h; path = ImageExporter.h; sourceTree = "<group>"; };
		3E5971620CC5452A006FA3A2 /* ImageExporter.m */ = {isa = PBXFileReference; fileEncoding = 4; lastKnownFileType = sourcecode.c.objc; path = ImageExporter.m; sourceTree = "<group>"; };
		3E59716B0CC54616006FA3A2 /* CompressionPreview.h */ = {isa = PBXFileReference; fileEncoding = 4; lastKnownFileType = sourcecode.c.h; path = CompressionPreview.h; sourceTree = "<group>"; };
		3E59716C0CC54616006FA3A2 /* CompressionPreview.m */ = {isa = PBXFileReference; fileEncoding = 4; lastKnownFileType = sourcecode.c.objc; path = CompressionPreview.m; sourceTree = "<group>"; };
		3E5AE4800C991F4A00BB7C9D /* BrushResat.h */ = {isa = PBXFileReference; fileEncoding = 4; lastKnownFileType = sourcecode.c.h; path = BrushResat.h; sourceTree = "<group>"; };
		3E5AE4810C991F4A00BB7C9D /* BrushResat.m */ = {isa = PBXFileReference; fileEncoding = 4; lastKnownFileType = sourcecode.c.objc; path = BrushResat.m; sourceTree = "<group>"; };
		3E5AE5360C99B57800BB7C9D /* DripEventStrokeBegin.h */ = {isa = PBXFileReference; fileEncoding = 4; lastKnownFileType = sourcecode.c.h; path = DripEventStrokeBegin.h; sourceTree = "<group>"; };
		3E5AE5370C99B57800BB7C9D /* DripEventStrokeBegin.m */ = {isa = PBXFileReference; fileEncoding = 4; lastKnownFileType = sourcecode.c.objc; path = DripEventStrokeBegin.m; sourceTree = "<group>"; };
		3E5AE5400C99B61200BB7C9D /* DripEventStrokeContinue.h */ = {isa = PBXFileReference; fileEncoding = 4; lastKnownFileType = sourcecode.c.h; path = DripEventStrokeContinue.h; sourceTree = "<group>"; };
		3E5AE5410C99B61200BB7C9D /* DripEventStrokeContinue.m */ = {isa = PBXFileReference; fileEncoding = 4; lastKnownFileType = sourcecode.c.objc; path = DripEventStrokeContinue.m; sourceTree = "<group>"; };
		3E79DC3E0CB408AA00B5F4BB /* Layer.h */ = {isa = PBXFileReference; fileEncoding = 4; lastKnownFileType = sourcecode.c.h; path = Layer.h; sourceTree = "<group>"; };
		3E79DC3F0CB408AA00B5F4BB /* Layer.m */ = {isa = PBXFileReference; fileEncoding = 4; lastKnownFileType = sourcecode.c.objc; path = Layer.m; sourceTree = "<group>"; };
		3E7AB1180C7BD98A004389F6 /* NSData+gzip.h */ = {isa = PBXFileReference; fileEncoding = 4; lastKnownFileType = sourcecode.c.h; path = "NSData+gzip.h"; sourceTree = "<group>"; };
		3E7AB1190C7BD98A004389F6 /* NSData+gzip.m */ = {isa = PBXFileReference; fileEncoding = 4; lastKnownFileType = sourcecode.c.objc; path = "NSData+gzip.m"; sourceTree = "<group>"; };
		3E856CA90CB99E5300479845 /* CleanColorWell.h */ = {isa = PBXFileReference; fileEncoding = 4; lastKnownFileType = sourcecode.c.h; path = CleanColorWell.h; sourceTree = "<group>"; };
		3E856CAA0CB99E5300479845 /* CleanColorWell.m */ = {isa = PBXFileReference; fileEncoding = 4; lastKnownFileType = sourcecode.c.objc; path = CleanColorWell.m; sourceTree = "<group>"; };
		3E856D2D0CB9EDBE00479845 /* ColoredView.h */ = {isa = PBXFileReference; fileEncoding = 4; lastKnownFileType = sourcecode.c.h; path = ColoredView.h; sourceTree = "<group>"; };
		3E856D2E0CB9EDBE00479845 /* ColoredView.m */ = {isa = PBXFileReference; fileEncoding = 4; lastKnownFileType = sourcecode.c.objc; path = ColoredView.m; sourceTree = "<group>"; };
		3E856E010CBA0DA900479845 /* ShelfView.h */ = {isa = PBXFileReference; fileEncoding = 4; lastKnownFileType = sourcecode.c.h; path = ShelfView.h; sourceTree = "<group>"; };
		3E856E020CBA0DA900479845 /* ShelfView.m */ = {isa = PBXFileReference; fileEncoding = 4; lastKnownFileType = sourcecode.c.objc; path = ShelfView.m; sourceTree = "<group>"; };
		3E89C85B0B499F4200134E08 /* Drip_Prefix.pch */ = {isa = PBXFileReference; fileEncoding = 30; lastKnownFileType = sourcecode.c.h; path = Drip_Prefix.pch; sourceTree = "<group>"; };
		3E89C85C0B499F4200134E08 /* main.m */ = {isa = PBXFileReference; fileEncoding = 30; lastKnownFileType = sourcecode.c.objc; path = main.m; sourceTree = "<group>"; };
		3E89C85D0B499F4200134E08 /* DripDocument.h */ = {isa = PBXFileReference; fileEncoding = 30; lastKnownFileType = sourcecode.c.h; path = DripDocument.h; sourceTree = "<group>"; };
		3E89C85E0B499F4200134E08 /* DripDocument.m */ = {isa = PBXFileReference; fileEncoding = 30; lastKnownFileType = sourcecode.c.objc; path = DripDocument.m; sourceTree = "<group>"; };
		3E8AF99D0CBB479C0056C32F /* Drip.icns */ = {isa = PBXFileReference; lastKnownFileType = image.icns; path = Drip.icns; sourceTree = "<group>"; };
		3E8C399C0C8F80820091E8BE /* DripEventLayerAdd.h */ = {isa = PBXFileReference; fileEncoding = 4; lastKnownFileType = sourcecode.c.h; path = DripEventLayerAdd.h; sourceTree = "<group>"; };
		3E8C399D0C8F80820091E8BE /* DripEventLayerAdd.m */ = {isa = PBXFileReference; fileEncoding = 4; lastKnownFileType = sourcecode.c.objc; path = DripEventLayerAdd.m; sourceTree = "<group>"; };
		3E8C39B50C8F82AD0091E8BE /* DripEventLayerDelete.h */ = {isa = PBXFileReference; fileEncoding = 4; lastKnownFileType = sourcecode.c.h; path = DripEventLayerDelete.h; sourceTree = "<group>"; };
		3E8C39B60C8F82AD0091E8BE /* DripEventLayerDelete.m */ = {isa = PBXFileReference; fileEncoding = 4; lastKnownFileType = sourcecode.c.objc; path = DripEventLayerDelete.m; sourceTree = "<group>"; };
		3E8C39BC0C8F83520091E8BE /* DripEventLayerMove.h */ = {isa = PBXFileReference; fileEncoding = 4; lastKnownFileType = sourcecode.c.h; path = DripEventLayerMove.h; sourceTree = "<group>"; };
		3E8C39BD0C8F83520091E8BE /* DripEventLayerMove.m */ = {isa = PBXFileReference; fileEncoding = 4; lastKnownFileType = sourcecode.c.objc; path = DripEventLayerMove.m; sourceTree = "<group>"; };
		3E8C3A430C90D3400091E8BE /* DripEventLayerSettings.h */ = {isa = PBXFileReference; fileEncoding = 4; lastKnownFileType = sourcecode.c.h; path = DripEventLayerSettings.h; sourceTree = "<group>"; };
		3E8C3A440C90D3400091E8BE /* DripEventLayerSettings.m */ = {isa = PBXFileReference; fileEncoding = 4; lastKnownFileType = sourcecode.c.objc; path = DripEventLayerSettings.m; sourceTree = "<group>"; };
		3E8C3AD50C91D74B0091E8BE /* DripEventLayerChange.h */ = {isa = PBXFileReference; fileEncoding = 4; lastKnownFileType = sourcecode.c.h; path = DripEventLayerChange.h; sourceTree = "<group>"; };
		3E8C3AD60C91D74B0091E8BE /* DripEventLayerChange.m */ = {isa = PBXFileReference; fileEncoding = 4; lastKnownFileType = sourcecode.c.objc; path = DripEventLayerChange.m; sourceTree = "<group>"; };
		3E8C3B5C0C921D1B0091E8BE /* DripInspectors.h */ = {isa = PBXFileReference; fileEncoding = 4; lastKnownFileType = sourcecode.c.h; name = DripInspectors.h; path = Source/DripInspectors.h; sourceTree = "<group>"; };
		3E8C3B5D0C921D1B0091E8BE /* DripInspectors.m */ = {isa = PBXFileReference; fileEncoding = 4; lastKnownFileType = sourcecode.c.objc; name = DripInspectors.m; path = Source/DripInspectors.m; sourceTree = "<group>"; };
		3E8C3BB70C922A0C0091E8BE /* English */ = {isa = PBXFileReference; lastKnownFileType = wrapper.nib; name = English; path = English.lproj/DripInspectors.nib; sourceTree = "<group>"; };
		3E9080DE0CB60FF5001CA43D /* DripEventStrokeEnd.h */ = {isa = PBXFileReference; fileEncoding = 4; lastKnownFileType = sourcecode.c.h; path = DripEventStrokeEnd.h; sourceTree = "<group>"; };
		3E9080DF0CB60FF5001CA43D /* DripEventStrokeEnd.m */ = {isa = PBXFileReference; fileEncoding = 4; lastKnownFileType = sourcecode.c.objc; path = DripEventStrokeEnd.m; sourceTree = "<group>"; };
		3E9081070CB6F7DE001CA43D /* MaskLayer.h */ = {isa = PBXFileReference; fileEncoding = 4; lastKnownFileType = sourcecode.c.h; path = MaskLayer.h; sourceTree = "<group>"; };
		3E9081080CB6F7DE001CA43D /* MaskLayer.m */ = {isa = PBXFileReference; fileEncoding = 4; lastKnownFileType = sourcecode.c.objc; path = MaskLayer.m; sourceTree = "<group>"; };
		3EBA190F0D513759003A91B6 /* CGImageWrapper.h */ = {isa = PBXFileReference; fileEncoding = 4; lastKnownFileType = sourcecode.c.h; path = CGImageWrapper.h; sourceTree = "<group>"; };
		3EBA19100D513759003A91B6 /* CGImageWrapper.m */ = {isa = PBXFileReference; fileEncoding = 4; lastKnownFileType = sourcecode.c.objc; path = CGImageWrapper.m; sourceTree = "<group>"; };
		3ED06C470C89FAF000BF0669 /* DripEvent.h */ = {isa = PBXFileReference; fileEncoding = 4; lastKnownFileType = sourcecode.c.h; path = DripEvent.h; sourceTree = "<group>"; };
		3ED06C480C89FAF000BF0669 /* DripEvent.m */ = {isa = PBXFileReference; fileEncoding = 4; lastKnownFileType = sourcecode.c.objc; path = DripEvent.m; sourceTree = "<group>"; };
		3ED06C730C89FE1800BF0669 /* DripEventBrushSettings.h */ = {isa = PBXFileReference; fileEncoding = 4; lastKnownFileType = sourcecode.c.h; path = DripEventBrushSettings.h; sourceTree = "<group>"; };
		3ED06C740C89FE1800BF0669 /* DripEventBrushSettings.m */ = {isa = PBXFileReference; fileEncoding = 4; lastKnownFileType = sourcecode.c.objc; path = DripEventBrushSettings.m; sourceTree = "<group>"; };
		3EE0888B0C62C60000CAE28C /* LayerController.h */ = {isa = PBXFileReference; fileEncoding = 4; lastKnownFileType = sourcecode.c.h; name = LayerController.h; path = Source/LayerController.h; sourceTree = "<group>"; };
		3EE0888C0C62C60000CAE28C /* LayerController.m */ = {isa = PBXFileReference; fileEncoding = 4; lastKnownFileType = sourcecode.c.objc; name = LayerController.m; path = Source/LayerController.m; sourceTree = "<group>"; };
		3EE088950C62C6A500CAE28C /* BrushView.h */ = {isa = PBXFileReference; fileEncoding = 4; lastKnownFileType = sourcecode.c.h; path = BrushView.h; sourceTree = "<group>"; };
		3EE088960C62C6A500CAE28C /* BrushView.m */ = {isa = PBXFileReference; fileEncoding = 4; lastKnownFileType = sourcecode.c.objc; path = BrushView.m; sourceTree = "<group>"; };
		3EE088EC0C62F9C400CAE28C /* PaintLayer.h */ = {isa = PBXFileReference; fileEncoding = 4; lastKnownFileType = sourcecode.c.h; path = PaintLayer.h; sourceTree = "<group>"; };
		3EE088ED0C62F9C400CAE28C /* PaintLayer.m */ = {isa = PBXFileReference; fileEncoding = 4; lastKnownFileType = sourcecode.c.objc; path = PaintLayer.m; sourceTree = "<group>"; };
		3EE089150C6304FB00CAE28C /* Canvas.h */ = {isa = PBXFileReference; fileEncoding = 4; lastKnownFileType = sourcecode.c.h; path = Canvas.h; sourceTree = "<group>"; };
		3EE089160C6304FB00CAE28C /* Canvas.m */ = {isa = PBXFileReference; fileEncoding = 4; lastKnownFileType = sourcecode.c.objc; path = Canvas.m; sourceTree = "<group>"; };
		3EE9DFA60D00E2B3006CF151 /* DripEventProtocol.h */ = {isa = PBXFileReference; fileEncoding = 4; lastKnownFileType = sourcecode.c.h; path = DripEventProtocol.h; sourceTree = "<group>"; };
		3EFC11D40CBE051D009F52D1 /* FramedImageCell.h */ = {isa = PBXFileReference; fileEncoding = 4; lastKnownFileType = sourcecode.c.h; path = FramedImageCell.h; sourceTree = "<group>"; };
		3EFC11D50CBE051D009F52D1 /* FramedImageCell.m */ = {isa = PBXFileReference; fileEncoding = 4; lastKnownFileType = sourcecode.c.objc; path = FramedImageCell.m; sourceTree = "<group>"; };
		8D15AC360486D014006FF6A4 /* Info.plist */ = {isa = PBXFileReference; fileEncoding = 4; lastKnownFileType = text.plist; path = Info.plist; sourceTree = "<group>"; };
		8D15AC370486D014006FF6A4 /* Drip.app */ = {isa = PBXFileReference; explicitFileType = wrapper.application; includeInIndex = 0; path = Drip.app; sourceTree = BUILT_PRODUCTS_DIR; };
/* End PBXFileReference section */

/* Begin PBXFrameworksBuildPhase section */
		8D15AC330486D014006FF6A4 /* Frameworks */ = {
			isa = PBXFrameworksBuildPhase;
			buildActionMask = 2147483647;
			files = (
				8D15AC340486D014006FF6A4 /* Cocoa.framework in Frameworks */,
				3E39DF0D0C696EF600F0D3FD /* Carbon.framework in Frameworks */,
				3E3146E60CA3317700BF3DB3 /* QuickTime.framework in Frameworks */,
				3E4A61680CA47AF300C67DFC /* Quartz.framework in Frameworks */,
			);
			runOnlyForDeploymentPostprocessing = 0;
		};
/* End PBXFrameworksBuildPhase section */

/* Begin PBXGroup section */
		1058C7A6FEA54F5311CA2CBB /* Linked Frameworks */ = {
			isa = PBXGroup;
			children = (
				3E4A61670CA47AF300C67DFC /* Quartz.framework */,
				3E3146E50CA3317700BF3DB3 /* QuickTime.framework */,
				3E39DF0C0C696EF600F0D3FD /* Carbon.framework */,
				1058C7A7FEA54F5311CA2CBB /* Cocoa.framework */,
			);
			name = "Linked Frameworks";
			sourceTree = "<group>";
		};
		1058C7A8FEA54F5311CA2CBB /* Other Frameworks */ = {
			isa = PBXGroup;
			children = (
				2A37F4C4FDCFA73011CA2CEA /* AppKit.framework */,
				13E42FBA07B3F13500E4EEF1 /* CoreData.framework */,
				2A37F4C5FDCFA73011CA2CEA /* Foundation.framework */,
			);
			name = "Other Frameworks";
			sourceTree = "<group>";
		};
		19C28FB0FE9D524F11CA2CBB /* Products */ = {
			isa = PBXGroup;
			children = (
				8D15AC370486D014006FF6A4 /* Drip.app */,
			);
			name = Products;
			sourceTree = "<group>";
		};
		2A37F4AAFDCFA73011CA2CEA /* PROJECTNAME */ = {
			isa = PBXGroup;
			children = (
				3E89C85A0B499F4200134E08 /* Source */,
				2A37F4B8FDCFA73011CA2CEA /* Resources */,
				2A37F4C3FDCFA73011CA2CEA /* Frameworks */,
				19C28FB0FE9D524F11CA2CBB /* Products */,
			);
			name = PROJECTNAME;
			sourceTree = "<group>";
		};
		2A37F4B8FDCFA73011CA2CEA /* Resources */ = {
			isa = PBXGroup;
			children = (
				3E4399A80CC96070008789DF /* collapse.tif */,
				3E43999E0CC95760008789DF /* minusDark.tif */,
				3E43999F0CC95760008789DF /* plusDark.tif */,
				3E0FA5920CC70183002D9247 /* minus.tif */,
				3E0FA5930CC70183002D9247 /* minusPressed.tif */,
				3E0FA5820CC6F821002D9247 /* plusPressed.tif */,
				3E0FA57B0CC6F546002D9247 /* plus.tif */,
				3E8AF99D0CBB479C0056C32F /* Drip.icns */,
				2A37F4B9FDCFA73011CA2CEA /* Credits.rtf */,
				3E51E1AA0CFE0D4A0013BFE5 /* MovieExport.nib */,
				2A37F4B6FDCFA73011CA2CEA /* MainMenu.nib */,
				2A37F4B4FDCFA73011CA2CEA /* DripDocument.nib */,
				3E8C3BB60C922A0C0091E8BE /* DripInspectors.nib */,
				3E59715C0CC544F3006FA3A2 /* ImageExport.nib */,
				8D15AC360486D014006FF6A4 /* Info.plist */,
				089C165FFE840EACC02AAC07 /* InfoPlist.strings */,
			);
			path = Resources;
			sourceTree = "<group>";
		};
		2A37F4C3FDCFA73011CA2CEA /* Frameworks */ = {
			isa = PBXGroup;
			children = (
				1058C7A6FEA54F5311CA2CBB /* Linked Frameworks */,
				1058C7A8FEA54F5311CA2CBB /* Other Frameworks */,
			);
			name = Frameworks;
			sourceTree = "<group>";
		};
		3E0A59D20C601D1A0094610C /* Brushes */ = {
			isa = PBXGroup;
			children = (
				3E39D9360C67B1A300F0D3FD /* Brush.h */,
				3E39D9370C67B1A300F0D3FD /* Brush.m */,
				3E39DD180C69080500F0D3FD /* BrushEraser.h */,
				3E39DD190C69080500F0D3FD /* BrushEraser.m */,
				3E5AE4800C991F4A00BB7C9D /* BrushResat.h */,
				3E5AE4810C991F4A00BB7C9D /* BrushResat.m */,
			);
			name = Brushes;
			sourceTree = "<group>";
		};
		3E0A59E80C601EA20094610C /* Document */ = {
			isa = PBXGroup;
			children = (
				3E89C85D0B499F4200134E08 /* DripDocument.h */,
				3E89C85E0B499F4200134E08 /* DripDocument.m */,
				3E5488A90B4C9572005ED4DA /* DripDocumentWindowController.h */,
				3E5488AA0B4C9572005ED4DA /* DripDocumentWindowController.m */,
				3E439AA10CCA65B7008789DF /* Artist.h */,
				3E439AA20CCA65B7008789DF /* Artist.m */,
			);
			name = Document;
			sourceTree = "<group>";
		};
		3E1D29B40D07D2CB00FB5F41 /* SketchView */ = {
			isa = PBXGroup;
			children = (
				3E1D29B50D07D31700FB5F41 /* CenteredClipView.h */,
				3E1D29B60D07D31700FB5F41 /* CenteredClipView.m */,
				3E1D29BC0D07D35D00FB5F41 /* CenteredScrollView.h */,
				3E1D29BD0D07D35D00FB5F41 /* CenteredScrollView.m */,
				3E1D29BF0D07D3BA00FB5F41 /* SketchView.h */,
				3E1D29C00D07D3BA00FB5F41 /* SketchView.m */,
			);
			name = SketchView;
			sourceTree = "<group>";
		};
		3E31466C0CA2DBAF00BF3DB3 /* Canvas */ = {
			isa = PBXGroup;
			children = (
				3EE088EC0C62F9C400CAE28C /* PaintLayer.h */,
				3EE088ED0C62F9C400CAE28C /* PaintLayer.m */,
				3E9081070CB6F7DE001CA43D /* MaskLayer.h */,
				3E9081080CB6F7DE001CA43D /* MaskLayer.m */,
				3E79DC3E0CB408AA00B5F4BB /* Layer.h */,
				3E79DC3F0CB408AA00B5F4BB /* Layer.m */,
				3EE089150C6304FB00CAE28C /* Canvas.h */,
				3EE089160C6304FB00CAE28C /* Canvas.m */,
			);
			name = Canvas;
			sourceTree = "<group>";
		};
		3E37E6FB0C95E24400A476D5 /* Inspector */ = {
			isa = PBXGroup;
			children = (
				3E8C3B5C0C921D1B0091E8BE /* DripInspectors.h */,
				3E8C3B5D0C921D1B0091E8BE /* DripInspectors.m */,
				3E39DA8F0C6822CA00F0D3FD /* BrushController.h */,
				3E39DA900C6822CA00F0D3FD /* BrushController.m */,
				3EE0888B0C62C60000CAE28C /* LayerController.h */,
				3EE0888C0C62C60000CAE28C /* LayerController.m */,
			);
			name = Inspector;
			path = ..;
			sourceTree = "<group>";
		};
		3E39E1360C6BAFE000F0D3FD /* Views */ = {
			isa = PBXGroup;
			children = (
				3E1D29B40D07D2CB00FB5F41 /* SketchView */,
				3E856D2D0CB9EDBE00479845 /* ColoredView.h */,
				3E856D2E0CB9EDBE00479845 /* ColoredView.m */,
				3EE088950C62C6A500CAE28C /* BrushView.h */,
				3EE088960C62C6A500CAE28C /* BrushView.m */,
				3E856CA90CB99E5300479845 /* CleanColorWell.h */,
				3E856CAA0CB99E5300479845 /* CleanColorWell.m */,
				3E856E010CBA0DA900479845 /* ShelfView.h */,
				3E856E020CBA0DA900479845 /* ShelfView.m */,
				3E5849D00C7022850093CD10 /* AnimatingTableView.h */,
				3E5849D10C7022850093CD10 /* AnimatingTableView.m */,
				3EFC11D40CBE051D009F52D1 /* FramedImageCell.h */,
				3EFC11D50CBE051D009F52D1 /* FramedImageCell.m */,
				3E439CB40CCBE4F1008789DF /* HUDView.h */,
				3E439CB50CCBE4F1008789DF /* HUDView.m */,
			);
			name = Views;
			sourceTree = "<group>";
		};
		3E5971740CC54720006FA3A2 /* Image Exporter */ = {
			isa = PBXGroup;
			children = (
				3E5971610CC5452A006FA3A2 /* ImageExporter.h */,
				3E5971620CC5452A006FA3A2 /* ImageExporter.m */,
				3E59716B0CC54616006FA3A2 /* CompressionPreview.h */,
				3E59716C0CC54616006FA3A2 /* CompressionPreview.m */,
			);
			name = "Image Exporter";
			sourceTree = "<group>";
		};
		3E89C85A0B499F4200134E08 /* Source */ = {
			isa = PBXGroup;
			children = (
				3E37E6FB0C95E24400A476D5 /* Inspector */,
				3E5971740CC54720006FA3A2 /* Image Exporter */,
				3E39E1360C6BAFE000F0D3FD /* Views */,
				3E0A59D20C601D1A0094610C /* Brushes */,
				3E31466C0CA2DBAF00BF3DB3 /* Canvas */,
				3E0A59E80C601EA20094610C /* Document */,
				3ED06CBB0C8DF0CC00BF0669 /* Events */,
				3E89C85B0B499F4200134E08 /* Drip_Prefix.pch */,
				3E89C85C0B499F4200134E08 /* main.m */,
				3E1670640C61740F0014705B /* DripDelegate.h */,
				3E1670650C61740F0014705B /* DripDelegate.m */,
				3E7AB1180C7BD98A004389F6 /* NSData+gzip.h */,
				3E7AB1190C7BD98A004389F6 /* NSData+gzip.m */,
				3E31448A0CA1ABCF00BF3DB3 /* CenteredTextCell.h */,
				3E31448B0CA1ABCF00BF3DB3 /* CenteredTextCell.m */,
				3E4A63F20CA4EC1900C67DFC /* MovieEncoder.h */,
				3E4A63F30CA4EC1900C67DFC /* MovieEncoder.m */,
				3E596E670CC09DF6006FA3A2 /* CheckerPattern.h */,
				3E596E680CC09DF6006FA3A2 /* CheckerPattern.c */,
				3E0FA5850CC6F8DD002D9247 /* ImageButton.h */,
				3E0FA5860CC6F8DD002D9247 /* ImageButton.m */,
				3E439CB00CCBE496008789DF /* TIPCGUtils.h */,
				3E439CAF0CCBE496008789DF /* TIPCGUtils.c */,
				3EBA190F0D513759003A91B6 /* CGImageWrapper.h */,
				3EBA19100D513759003A91B6 /* CGImageWrapper.m */,
			);
			path = Source;
			sourceTree = "<group>";
		};
		3ED06CBB0C8DF0CC00BF0669 /* Events */ = {
			isa = PBXGroup;
			children = (
				3ED06C470C89FAF000BF0669 /* DripEvent.h */,
				3ED06C480C89FAF000BF0669 /* DripEvent.m */,
				3EE9DFA60D00E2B3006CF151 /* DripEventProtocol.h */,
				3E5AE5360C99B57800BB7C9D /* DripEventStrokeBegin.h */,
				3E5AE5370C99B57800BB7C9D /* DripEventStrokeBegin.m */,
				3E5AE5400C99B61200BB7C9D /* DripEventStrokeContinue.h */,
				3E5AE5410C99B61200BB7C9D /* DripEventStrokeContinue.m */,
				3E9080DE0CB60FF5001CA43D /* DripEventStrokeEnd.h */,
				3E9080DF0CB60FF5001CA43D /* DripEventStrokeEnd.m */,
				3ED06C730C89FE1800BF0669 /* DripEventBrushSettings.h */,
				3ED06C740C89FE1800BF0669 /* DripEventBrushSettings.m */,
				3E8C399C0C8F80820091E8BE /* DripEventLayerAdd.h */,
				3E8C399D0C8F80820091E8BE /* DripEventLayerAdd.m */,
				3E8C39B50C8F82AD0091E8BE /* DripEventLayerDelete.h */,
				3E8C39B60C8F82AD0091E8BE /* DripEventLayerDelete.m */,
				3E8C39BC0C8F83520091E8BE /* DripEventLayerMove.h */,
				3E8C39BD0C8F83520091E8BE /* DripEventLayerMove.m */,
				3E8C3A430C90D3400091E8BE /* DripEventLayerSettings.h */,
				3E8C3A440C90D3400091E8BE /* DripEventLayerSettings.m */,
				3E8C3AD50C91D74B0091E8BE /* DripEventLayerChange.h */,
				3E8C3AD60C91D74B0091E8BE /* DripEventLayerChange.m */,
				3E31463F0CA23FDF00BF3DB3 /* DripEventLayerCollapse.h */,
				3E3146400CA23FDF00BF3DB3 /* DripEventLayerCollapse.m */,
				3E596F6A0CC14F36006FA3A2 /* DripEventLayerFill.h */,
				3E596F6B0CC14F36006FA3A2 /* DripEventLayerFill.m */,
				3E1D27C90D04E0EF00FB5F41 /* DripEventLayerImageFill.h */,
				3E1D27CA0D04E0EF00FB5F41 /* DripEventLayerImageFill.m */,
			);
			name = Events;
			sourceTree = "<group>";
		};
/* End PBXGroup section */

/* Begin PBXNativeTarget section */
		8D15AC270486D014006FF6A4 /* Drip */ = {
			isa = PBXNativeTarget;
			buildConfigurationList = C05733C708A9546B00998B17 /* Build configuration list for PBXNativeTarget "Drip" */;
			buildPhases = (
				8D15AC2B0486D014006FF6A4 /* Resources */,
				8D15AC300486D014006FF6A4 /* Sources */,
				8D15AC330486D014006FF6A4 /* Frameworks */,
				3E903CF90BC58B55009B6F93 /* Strip Symbols */,
				3EFF81F20B5586520049AD7D /* Remove Headers */,
				3EFF821B0B558E330049AD7D /* Set SVN Revision number */,
			);
			buildRules = (
			);
			dependencies = (
			);
			name = Drip;
			productInstallPath = "$(HOME)/Applications";
			productName = Drip;
			productReference = 8D15AC370486D014006FF6A4 /* Drip.app */;
			productType = "com.apple.product-type.application";
		};
/* End PBXNativeTarget section */

/* Begin PBXProject section */
		2A37F4A9FDCFA73011CA2CEA /* Project object */ = {
			isa = PBXProject;
			buildConfigurationList = C05733CB08A9546B00998B17 /* Build configuration list for PBXProject "Drip" */;
			compatibilityVersion = "Xcode 2.4";
			hasScannedForEncodings = 1;
			mainGroup = 2A37F4AAFDCFA73011CA2CEA /* PROJECTNAME */;
			projectDirPath = "";
			projectRoot = "";
			targets = (
				8D15AC270486D014006FF6A4 /* Drip */,
			);
		};
/* End PBXProject section */

/* Begin PBXResourcesBuildPhase section */
		8D15AC2B0486D014006FF6A4 /* Resources */ = {
			isa = PBXResourcesBuildPhase;
			buildActionMask = 2147483647;
			files = (
				8D15AC2C0486D014006FF6A4 /* Credits.rtf in Resources */,
				8D15AC2D0486D014006FF6A4 /* MainMenu.nib in Resources */,
				8D15AC2E0486D014006FF6A4 /* DripDocument.nib in Resources */,
				8D15AC2F0486D014006FF6A4 /* InfoPlist.strings in Resources */,
				3E8C3BB80C922A0C0091E8BE /* DripInspectors.nib in Resources */,
				3E8AF99E0CBB479C0056C32F /* Drip.icns in Resources */,
				3E59715E0CC544F3006FA3A2 /* ImageExport.nib in Resources */,
				3E0FA57C0CC6F546002D9247 /* plus.tif in Resources */,
				3E0FA5830CC6F821002D9247 /* plusPressed.tif in Resources */,
				3E0FA5940CC70183002D9247 /* minus.tif in Resources */,
				3E0FA5950CC70183002D9247 /* minusPressed.tif in Resources */,
				3E4399A00CC95760008789DF /* minusDark.tif in Resources */,
				3E4399A10CC95760008789DF /* plusDark.tif in Resources */,
				3E4399A90CC96070008789DF /* collapse.tif in Resources */,
				3E51E1AC0CFE0D4A0013BFE5 /* MovieExport.nib in Resources */,
			);
			runOnlyForDeploymentPostprocessing = 0;
		};
/* End PBXResourcesBuildPhase section */

/* Begin PBXShellScriptBuildPhase section */
		3E903CF90BC58B55009B6F93 /* Strip Symbols */ = {
			isa = PBXShellScriptBuildPhase;
			buildActionMask = 2147483647;
			files = (
			);
			inputPaths = (
			);
			name = "Strip Symbols";
			outputPaths = (
			);
			runOnlyForDeploymentPostprocessing = 0;
			shellPath = "/usr/bin/perl -w";
			shellScript = "#\n# Last updated: 21MAR06, Andy O'Meara and Rob Barris\n#\n# This is an Xcode post-build phase script for devs who sleep better at night knowing\n#    that their deployment binaries are as stripped as possible.  This makes life more difficult\n#    for a hacker/cracker to locate sensitive code to trace, study, and/or extract.\n#\n# This script will execute only if the Xcode \"Deployment Postprocessing\" setting\n#    is set (aka DEPLOYMENT_POSTPROCESSING).\n#\n# The downside to shipping a stripped binary is that your user's crash reports\n#    will be useless unless you have a link map to convert code offsets (from a stack trace)\n#    into proc names.  To address this, this script moves your pre-stripped executable\n#    to the build dir, appending \"_full\" to the filename, allowing you to retain it for\n#    the day you need it in order to decipher a stack trace.  You do this by using 'atos'\n#    with the original generated binary (type 'man atos' for info).\n#\n# Recommended Xcode build settings:\n#    Dead Code Stripping                  YES\n#    Only Link In Essential Symbols       NO\n#    Deployment Postprocessing            YES (this activates this script)\n#    Strip Linked Product                 NO\n#    Use Separate Strip                   NO\n#    Strip Style                          All Symbols\n#    Strip Debug Symbols During Copy      NO\n#    Preserve Private External Symbols    NO\n#    Separate PCH Symbols                 YES\n#    Symbols Hidden By Default            YES (Critical!)\n#    Inline Functions Hidden              YES\n#\n# Note that if you're building a dynamic library, you'll need to explicitly\n#    declare any symbols that you want to be exported.  See the following:\n#    file:///Developer/ADC%20Reference%20Library/documentation/DeveloperTools/Conceptual/CppRuntimeEnv/Articles/SymbolVisibility.html\n#\n\nuse strict;\n\ndie \"$0: Must be run from Xcode\" unless $ENV{\"BUILT_PRODUCTS_DIR\"};\n\n# This script is activated via an Xcode env flag.\nif ( $ENV{DEPLOYMENT_POSTPROCESSING} ne \"YES\" ) {\n   exit 0;\n}\n\nprint \"\\n\\n==================== Commencing external stripping phase...\\n\";\n        \nmy $BINARY       = \"$ENV{BUILT_PRODUCTS_DIR}/$ENV{WRAPPER_NAME}/Contents/MacOS/$ENV{EXECUTABLE_NAME}\";\nmy $BINARY_FULL  = \"$ENV{BUILT_PRODUCTS_DIR}/$ENV{EXECUTABLE_NAME}_full\";\nmy $BINARY_i386  = \"${BINARY}_i386\";\nmy $BINARY_ppc   = \"${BINARY}_ppc\";\n\nmy $aa = `lipo -info \"$BINARY\"`;\n$aa =~ s/Architectures in the fat file: $BINARY are: //g;\nmy @arches = split(' ',$aa);\n$, = \":\";\n#print @arches;\n\n# Extract each arch into a \"thin\" binary for stripping\nforeach $a (@arches)\n{\n\t`lipo \"$BINARY\" -thin $a -output \"${BINARY}_$a\"`;\n}\n\n# Retain the orignal binary for QA and use with the util 'atos'\n`mv -f \"$BINARY\" \"$BINARY_FULL\"`;\n\n# Perform desired stripping on each thin binary.  \nforeach $a (@arches)\n{\n\t`strip -S -x -o \"${BINARY}_${a}_tmp\"  -r \"${BINARY}_$a\"`;\n}\n\n# We're now done with the original thin binaries, so chuck them.\nforeach $a (@arches)\n{\n\t`rm -f \"${BINARY}_$a\"`;\n}\n\n# Make the new universal binary from our stripped thin pieces.\nmy $lipoopts = \"\";\nforeach $a (@arches)\n{\n\t$lipoopts .= \"-arch $a \\\"${BINARY}_${a}_tmp\\\" \";\n}\n`lipo $lipoopts -create -output \"$BINARY\"`;\n\n# We're now done with the temp thin binaries, so chuck them.\nforeach $a (@arches)\n{\n\t`rm -f \"${BINARY}_${a}_tmp\"`;\n}\n\nprint \"\\n==================== External strip phase complete\\n\";\n\n#EOF";
		};
		3EFF81F20B5586520049AD7D /* Remove Headers */ = {
			isa = PBXShellScriptBuildPhase;
			buildActionMask = 2147483647;
			files = (
			);
			inputPaths = (
			);
			name = "Remove Headers";
			outputPaths = (
			);
			runOnlyForDeploymentPostprocessing = 0;
			shellPath = /bin/sh;
			shellScript = "### We only run on \"Release\" builds...\nif [[ $BUILD_STYLE != 'Release' ]] ; then\n\texit 0\nfi\n\nfind \"$TARGET_BUILD_DIR/$FULL_PRODUCT_NAME\" -path '*/Headers/*' -delete\n\nfind \"$TARGET_BUILD_DIR/$FULL_PRODUCT_NAME\" -name 'Headers' -type d -delete\n\nfind \"$TARGET_BUILD_DIR/$FULL_PRODUCT_NAME\" -name 'Headers' -type l -delete";
		};
		3EFF821B0B558E330049AD7D /* Set SVN Revision number */ = {
			isa = PBXShellScriptBuildPhase;
			buildActionMask = 2147483647;
			files = (
			);
			inputPaths = (
			);
			name = "Set SVN Revision number";
			outputPaths = (
			);
			runOnlyForDeploymentPostprocessing = 0;
			shellPath = "/usr/bin/perl -w";
			shellScript = "# Xcode auto-versioning script for Subversion\n# by Axel Andersson, modified by Daniel Jalkut to add\n# \"--revision HEAD\" to the svn info line, which allows\n# the latest revision to always be used.\n\nuse strict;\n\ndie \"$0: Must be run from Xcode\" unless $ENV{\"BUILT_PRODUCTS_DIR\"};\n\n# Get the current subversion revision number and use it to set the CFBundleVersion value\nmy $REV;\nif(-e \"/usr/local/bin/svnversion\")\n{\n\t$REV = `/usr/local/bin/svnversion -n ./`;\n}\nelse\n{\n\t$REV = `/usr/bin/svnversion -n ./`;\n}\nmy $INFO = \"$ENV{BUILT_PRODUCTS_DIR}/$ENV{WRAPPER_NAME}/Contents/Info.plist\";\n\nmy $version = $REV;\n\n# (Match the last group of digits and optional letter M/S):\n\n# ugly yet functional (barely) regex by Daniel Jalkut:\n#$version =~ s/([\\d]*:)(\\d+[M|S]*).*/$2/;\n\n# better yet still functional regex via Kevin \"Regex Nerd\" Ballard\n($version =~ m/\\d+[MS]*$/) && ($version = $&);\n\nif( -X '/usr/local/bin/git' )\n{\n\tmy $gitlog = `/usr/local/bin/git log --pretty=format:%h`;\n\tif( $gitlog !~ /^fatal: Not a git repository/ ) {\n\t\t$version = `echo \\\"$gitlog\\\" | wc -l`;\n\t\tchomp $version;\n\t\t$version =~ s/^\\s+//;\n\t\t$version .= 'M' unless(`/usr/local/bin/git status | tail -n 1` =~ /^nothing to commit/);\n\t}\n}\n\n#die \"$0: No Subversion revision found\" unless $version;\n$version = 'exported' unless $version;\n\nopen(FH, \"$INFO\") or die \"$0: $INFO: $!\";\nmy $info = join(\"\", <FH>);\nclose(FH);\n\n$info =~ s/([\\t ]+<key>CFBundleVersion<\\/key>\\n[\\t ]+<string>).*?(<\\/string>)/$1$version$2/;\n\nopen(FH, \">$INFO\") or die \"$0: $INFO: $!\";\nprint FH $info;\nclose(FH);\n\nprint $version;";
		};
/* End PBXShellScriptBuildPhase section */

/* Begin PBXSourcesBuildPhase section */
		8D15AC300486D014006FF6A4 /* Sources */ = {
			isa = PBXSourcesBuildPhase;
			buildActionMask = 2147483647;
			files = (
				3E89C85F0B499F4200134E08 /* main.m in Sources */,
				3E89C8600B499F4200134E08 /* DripDocument.m in Sources */,
				3E5488AB0B4C9572005ED4DA /* DripDocumentWindowController.m in Sources */,
				3E1670660C61740F0014705B /* DripDelegate.m in Sources */,
				3EE0888D0C62C60000CAE28C /* LayerController.m in Sources */,
				3EE088970C62C6A500CAE28C /* BrushView.m in Sources */,
				3EE088EE0C62F9C400CAE28C /* PaintLayer.m in Sources */,
				3EE089170C6304FB00CAE28C /* Canvas.m in Sources */,
				3E39D9380C67B1A300F0D3FD /* Brush.m in Sources */,
				3E39DA910C6822CA00F0D3FD /* BrushController.m in Sources */,
				3E39DD1A0C69080500F0D3FD /* BrushEraser.m in Sources */,
				3E5849D20C7022850093CD10 /* AnimatingTableView.m in Sources */,
				3E7AB11A0C7BD98A004389F6 /* NSData+gzip.m in Sources */,
				3ED06C490C89FAF000BF0669 /* DripEvent.m in Sources */,
				3ED06C750C89FE1800BF0669 /* DripEventBrushSettings.m in Sources */,
				3E8C399E0C8F80820091E8BE /* DripEventLayerAdd.m in Sources */,
				3E8C39B70C8F82AD0091E8BE /* DripEventLayerDelete.m in Sources */,
				3E8C39BE0C8F83520091E8BE /* DripEventLayerMove.m in Sources */,
				3E8C3A450C90D3400091E8BE /* DripEventLayerSettings.m in Sources */,
				3E8C3AD70C91D74B0091E8BE /* DripEventLayerChange.m in Sources */,
				3E8C3B5E0C921D1B0091E8BE /* DripInspectors.m in Sources */,
				3E5AE4820C991F4A00BB7C9D /* BrushResat.m in Sources */,
				3E5AE5380C99B57800BB7C9D /* DripEventStrokeBegin.m in Sources */,
				3E5AE5420C99B61200BB7C9D /* DripEventStrokeContinue.m in Sources */,
				3E31448C0CA1ABCF00BF3DB3 /* CenteredTextCell.m in Sources */,
				3E3146410CA23FDF00BF3DB3 /* DripEventLayerCollapse.m in Sources */,
				3E4A63F40CA4EC1900C67DFC /* MovieEncoder.m in Sources */,
				3E79DC400CB408AA00B5F4BB /* Layer.m in Sources */,
				3E9080E00CB60FF5001CA43D /* DripEventStrokeEnd.m in Sources */,
				3E9081090CB6F7DE001CA43D /* MaskLayer.m in Sources */,
				3E856CAB0CB99E5300479845 /* CleanColorWell.m in Sources */,
				3E856D2F0CB9EDBE00479845 /* ColoredView.m in Sources */,
				3E856E030CBA0DA900479845 /* ShelfView.m in Sources */,
				3EFC11D60CBE051D009F52D1 /* FramedImageCell.m in Sources */,
				3E596E690CC09DF6006FA3A2 /* CheckerPattern.c in Sources */,
				3E596F6C0CC14F36006FA3A2 /* DripEventLayerFill.m in Sources */,
				3E5971630CC5452A006FA3A2 /* ImageExporter.m in Sources */,
				3E59716D0CC54616006FA3A2 /* CompressionPreview.m in Sources */,
				3E0FA5870CC6F8DD002D9247 /* ImageButton.m in Sources */,
				3E439AA30CCA65B7008789DF /* Artist.m in Sources */,
				3E439CB10CCBE496008789DF /* TIPCGUtils.c in Sources */,
				3E439CB60CCBE4F1008789DF /* HUDView.m in Sources */,
				3E1D27CB0D04E0EF00FB5F41 /* DripEventLayerImageFill.m in Sources */,
				3E1D29B90D07D31700FB5F41 /* CenteredClipView.m in Sources */,
				3E1D29BE0D07D35D00FB5F41 /* CenteredScrollView.m in Sources */,
				3E1D29C10D07D3BA00FB5F41 /* SketchView.m in Sources */,
				3EBA19110D513759003A91B6 /* CGImageWrapper.m in Sources */,
			);
			runOnlyForDeploymentPostprocessing = 0;
		};
/* End PBXSourcesBuildPhase section */

/* Begin PBXVariantGroup section */
		089C165FFE840EACC02AAC07 /* InfoPlist.strings */ = {
			isa = PBXVariantGroup;
			children = (
				089C1660FE840EACC02AAC07 /* English */,
			);
			name = InfoPlist.strings;
			sourceTree = "<group>";
		};
		2A37F4B4FDCFA73011CA2CEA /* DripDocument.nib */ = {
			isa = PBXVariantGroup;
			children = (
				2A37F4B5FDCFA73011CA2CEA /* English */,
			);
			name = DripDocument.nib;
			sourceTree = "<group>";
		};
		2A37F4B6FDCFA73011CA2CEA /* MainMenu.nib */ = {
			isa = PBXVariantGroup;
			children = (
				2A37F4B7FDCFA73011CA2CEA /* English */,
			);
			name = MainMenu.nib;
			sourceTree = "<group>";
		};
		2A37F4B9FDCFA73011CA2CEA /* Credits.rtf */ = {
			isa = PBXVariantGroup;
			children = (
				2A37F4BAFDCFA73011CA2CEA /* English */,
			);
			name = Credits.rtf;
			sourceTree = "<group>";
		};
		3E51E1AA0CFE0D4A0013BFE5 /* MovieExport.nib */ = {
			isa = PBXVariantGroup;
			children = (
				3E51E1AB0CFE0D4A0013BFE5 /* English */,
			);
			name = MovieExport.nib;
			sourceTree = "<group>";
		};
		3E59715C0CC544F3006FA3A2 /* ImageExport.nib */ = {
			isa = PBXVariantGroup;
			children = (
				3E59715D0CC544F3006FA3A2 /* English */,
			);
			name = ImageExport.nib;
			sourceTree = "<group>";
		};
		3E8C3BB60C922A0C0091E8BE /* DripInspectors.nib */ = {
			isa = PBXVariantGroup;
			children = (
				3E8C3BB70C922A0C0091E8BE /* English */,
			);
			name = DripInspectors.nib;
			sourceTree = "<group>";
		};
/* End PBXVariantGroup section */

/* Begin XCBuildConfiguration section */
		C05733C808A9546B00998B17 /* Debug */ = {
			isa = XCBuildConfiguration;
			buildSettings = {
				APPLICATION_VERSION = 0.1;
				COPY_PHASE_STRIP = NO;
				GCC_DYNAMIC_NO_PIC = NO;
				GCC_ENABLE_FIX_AND_CONTINUE = YES;
				GCC_MODEL_TUNING = G5;
				GCC_OPTIMIZATION_LEVEL = 0;
				GCC_VERSION = 4.0;
				INFOPLIST_FILE = Resources/Info.plist;
				INSTALL_PATH = "$(HOME)/Applications";
				OTHER_LDFLAGS = "-lz";
				PRODUCT_NAME = Drip;
				WRAPPER_EXTENSION = app;
				ZERO_LINK = NO;
			};
			name = Debug;
		};
		C05733C908A9546B00998B17 /* Release */ = {
			isa = XCBuildConfiguration;
			buildSettings = {
				APPLICATION_VERSION = 0.1;
				ARCHS = (
					i386,
					ppc,
				);
				COPY_PHASE_STRIP = NO;
				DEAD_CODE_STRIPPING = YES;
				DEPLOYMENT_POSTPROCESSING = YES;
				GCC_GENERATE_DEBUGGING_SYMBOLS = NO;
				GCC_MODEL_TUNING = G5;
				GCC_OPTIMIZATION_LEVEL = s;
				GCC_VERSION = 4.0;
				INFOPLIST_FILE = Resources/Info.plist;
				INSTALL_PATH = "$(HOME)/Applications";
				OTHER_LDFLAGS = "-lz";
				PRODUCT_NAME = Drip;
				WRAPPER_EXTENSION = app;
			};
			name = Release;
		};
		C05733CC08A9546B00998B17 /* Debug */ = {
			isa = XCBuildConfiguration;
			buildSettings = {
				GCC_MODEL_TUNING = G4;
				GCC_WARN_ABOUT_RETURN_TYPE = YES;
				GCC_WARN_UNUSED_VARIABLE = YES;
				PREBINDING = NO;
				SDKROOT = /Developer/SDKs/MacOSX10.4u.sdk;
			};
			name = Debug;
		};
		C05733CD08A9546B00998B17 /* Release */ = {
			isa = XCBuildConfiguration;
			buildSettings = {
				GCC_MODEL_TUNING = G4;
				GCC_WARN_ABOUT_RETURN_TYPE = YES;
				GCC_WARN_UNUSED_VARIABLE = YES;
				PREBINDING = NO;
				SDKROOT = /Developer/SDKs/MacOSX10.4u.sdk;
			};
			name = Release;
		};
/* End XCBuildConfiguration section */

/* Begin XCConfigurationList section */
		C05733C708A9546B00998B17 /* Build configuration list for PBXNativeTarget "Drip" */ = {
			isa = XCConfigurationList;
			buildConfigurations = (
				C05733C808A9546B00998B17 /* Debug */,
				C05733C908A9546B00998B17 /* Release */,
			);
			defaultConfigurationIsVisible = 0;
			defaultConfigurationName = Release;
		};
		C05733CB08A9546B00998B17 /* Build configuration list for PBXProject "Drip" */ = {
			isa = XCConfigurationList;
			buildConfigurations = (
				C05733CC08A9546B00998B17 /* Debug */,
				C05733CD08A9546B00998B17 /* Release */,
			);
			defaultConfigurationIsVisible = 0;
			defaultConfigurationName = Release;
		};
/* End XCConfigurationList section */
	};
	rootObject = 2A37F4A9FDCFA73011CA2CEA /* Project object */;
}
