// !$*UTF8*$!
{
	archiveVersion = 1;
	classes = {
	};
	objectVersion = 42;
	objects = {

/* Begin PBXBuildFile section */
		3E0A59B90C601C990094610C /* SketchView.m in Sources */ = {isa = PBXBuildFile; fileRef = 3E0A59AD0C601C980094610C /* SketchView.m */; };
		3E0A59BA0C601C990094610C /* TIPBrush.m in Sources */ = {isa = PBXBuildFile; fileRef = 3E0A59AF0C601C980094610C /* TIPBrush.m */; };
		3E0A59BB0C601C990094610C /* TIPBrushController.m in Sources */ = {isa = PBXBuildFile; fileRef = 3E0A59B10C601C980094610C /* TIPBrushController.m */; };
		3E0A59BC0C601C990094610C /* TIPBrushEraser.m in Sources */ = {isa = PBXBuildFile; fileRef = 3E0A59B30C601C980094610C /* TIPBrushEraser.m */; };
		3E0A59BD0C601C990094610C /* TIPBrushPaint.m in Sources */ = {isa = PBXBuildFile; fileRef = 3E0A59B50C601C990094610C /* TIPBrushPaint.m */; };
		3E0A59BE0C601C990094610C /* TIPPressurePoint.c in Sources */ = {isa = PBXBuildFile; fileRef = 3E0A59B70C601C990094610C /* TIPPressurePoint.c */; };
		3E0A59CE0C601CF20094610C /* CenteredClipView.m in Sources */ = {isa = PBXBuildFile; fileRef = 3E0A59C70C601CF20094610C /* CenteredClipView.m */; };
		3E0A59D00C601CF20094610C /* MyScrollView.m in Sources */ = {isa = PBXBuildFile; fileRef = 3E0A59CB0C601CF20094610C /* MyScrollView.m */; };
		3E1670660C61740F0014705B /* DripDelegate.m in Sources */ = {isa = PBXBuildFile; fileRef = 3E1670650C61740F0014705B /* DripDelegate.m */; };
		3E1671530C61AD830014705B /* SketchController.m in Sources */ = {isa = PBXBuildFile; fileRef = 3E1671520C61AD830014705B /* SketchController.m */; };
		3E39D9380C67B1A300F0D3FD /* Brush.m in Sources */ = {isa = PBXBuildFile; fileRef = 3E39D9370C67B1A300F0D3FD /* Brush.m */; };
		3E5488AB0B4C9572005ED4DA /* DripDocumentWindowController.m in Sources */ = {isa = PBXBuildFile; fileRef = 3E5488AA0B4C9572005ED4DA /* DripDocumentWindowController.m */; };
		3E89C85F0B499F4200134E08 /* main.m in Sources */ = {isa = PBXBuildFile; fileRef = 3E89C85C0B499F4200134E08 /* main.m */; };
		3E89C8600B499F4200134E08 /* DripDocument.m in Sources */ = {isa = PBXBuildFile; fileRef = 3E89C85E0B499F4200134E08 /* DripDocument.m */; };
		3EE0888D0C62C60000CAE28C /* LayerController.m in Sources */ = {isa = PBXBuildFile; fileRef = 3EE0888C0C62C60000CAE28C /* LayerController.m */; };
		3EE088970C62C6A500CAE28C /* BrushView.m in Sources */ = {isa = PBXBuildFile; fileRef = 3EE088960C62C6A500CAE28C /* BrushView.m */; };
		3EE088EE0C62F9C400CAE28C /* PaintLayer.m in Sources */ = {isa = PBXBuildFile; fileRef = 3EE088ED0C62F9C400CAE28C /* PaintLayer.m */; };
		3EE089100C63044000CAE28C /* ScrollingSketchView.m in Sources */ = {isa = PBXBuildFile; fileRef = 3EE0890F0C63044000CAE28C /* ScrollingSketchView.m */; };
		3EE089170C6304FB00CAE28C /* Canvas.m in Sources */ = {isa = PBXBuildFile; fileRef = 3EE089160C6304FB00CAE28C /* Canvas.m */; };
		8D15AC2C0486D014006FF6A4 /* Credits.rtf in Resources */ = {isa = PBXBuildFile; fileRef = 2A37F4B9FDCFA73011CA2CEA /* Credits.rtf */; };
		8D15AC2D0486D014006FF6A4 /* MainMenu.nib in Resources */ = {isa = PBXBuildFile; fileRef = 2A37F4B6FDCFA73011CA2CEA /* MainMenu.nib */; };
		8D15AC2E0486D014006FF6A4 /* DripDocument.nib in Resources */ = {isa = PBXBuildFile; fileRef = 2A37F4B4FDCFA73011CA2CEA /* DripDocument.nib */; };
		8D15AC2F0486D014006FF6A4 /* InfoPlist.strings in Resources */ = {isa = PBXBuildFile; fileRef = 089C165FFE840EACC02AAC07 /* InfoPlist.strings */; };
		8D15AC340486D014006FF6A4 /* Cocoa.framework in Frameworks */ = {isa = PBXBuildFile; fileRef = 1058C7A7FEA54F5311CA2CBB /* Cocoa.framework */; };
/* End PBXBuildFile section */

/* Begin PBXFileReference section */
		089C1660FE840EACC02AAC07 /* English */ = {isa = PBXFileReference; fileEncoding = 10; lastKnownFileType = text.plist.strings; name = English; path = English.lproj/InfoPlist.strings; sourceTree = "<group>"; };
		1058C7A7FEA54F5311CA2CBB /* Cocoa.framework */ = {isa = PBXFileReference; lastKnownFileType = wrapper.framework; name = Cocoa.framework; path = /System/Library/Frameworks/Cocoa.framework; sourceTree = "<absolute>"; };
		13E42FBA07B3F13500E4EEF1 /* CoreData.framework */ = {isa = PBXFileReference; lastKnownFileType = wrapper.framework; name = CoreData.framework; path = /System/Library/Frameworks/CoreData.framework; sourceTree = "<absolute>"; };
		2A37F4B5FDCFA73011CA2CEA /* English */ = {isa = PBXFileReference; lastKnownFileType = wrapper.nib; name = English; path = English.lproj/DripDocument.nib; sourceTree = "<group>"; };
		2A37F4B7FDCFA73011CA2CEA /* English */ = {isa = PBXFileReference; lastKnownFileType = wrapper.nib; name = English; path = English.lproj/MainMenu.nib; sourceTree = "<group>"; };
		2A37F4BAFDCFA73011CA2CEA /* English */ = {isa = PBXFileReference; lastKnownFileType = text.rtf; name = English; path = English.lproj/Credits.rtf; sourceTree = "<group>"; };
		2A37F4C4FDCFA73011CA2CEA /* AppKit.framework */ = {isa = PBXFileReference; lastKnownFileType = wrapper.framework; name = AppKit.framework; path = /System/Library/Frameworks/AppKit.framework; sourceTree = "<absolute>"; };
		2A37F4C5FDCFA73011CA2CEA /* Foundation.framework */ = {isa = PBXFileReference; lastKnownFileType = wrapper.framework; name = Foundation.framework; path = /System/Library/Frameworks/Foundation.framework; sourceTree = "<absolute>"; };
		3E0A59AC0C601C980094610C /* SketchView.h */ = {isa = PBXFileReference; fileEncoding = 30; lastKnownFileType = sourcecode.c.h; path = SketchView.h; sourceTree = "<group>"; };
		3E0A59AD0C601C980094610C /* SketchView.m */ = {isa = PBXFileReference; fileEncoding = 30; lastKnownFileType = sourcecode.c.objc; path = SketchView.m; sourceTree = "<group>"; };
		3E0A59AE0C601C980094610C /* TIPBrush.h */ = {isa = PBXFileReference; fileEncoding = 30; lastKnownFileType = sourcecode.c.h; path = TIPBrush.h; sourceTree = "<group>"; };
		3E0A59AF0C601C980094610C /* TIPBrush.m */ = {isa = PBXFileReference; fileEncoding = 30; lastKnownFileType = sourcecode.c.objc; path = TIPBrush.m; sourceTree = "<group>"; };
		3E0A59B00C601C980094610C /* TIPBrushController.h */ = {isa = PBXFileReference; fileEncoding = 30; lastKnownFileType = sourcecode.c.h; path = TIPBrushController.h; sourceTree = "<group>"; };
		3E0A59B10C601C980094610C /* TIPBrushController.m */ = {isa = PBXFileReference; fileEncoding = 30; lastKnownFileType = sourcecode.c.objc; path = TIPBrushController.m; sourceTree = "<group>"; };
		3E0A59B20C601C980094610C /* TIPBrushEraser.h */ = {isa = PBXFileReference; fileEncoding = 30; lastKnownFileType = sourcecode.c.h; path = TIPBrushEraser.h; sourceTree = "<group>"; };
		3E0A59B30C601C980094610C /* TIPBrushEraser.m */ = {isa = PBXFileReference; fileEncoding = 30; lastKnownFileType = sourcecode.c.objc; path = TIPBrushEraser.m; sourceTree = "<group>"; };
		3E0A59B40C601C990094610C /* TIPBrushPaint.h */ = {isa = PBXFileReference; fileEncoding = 30; lastKnownFileType = sourcecode.c.h; path = TIPBrushPaint.h; sourceTree = "<group>"; };
		3E0A59B50C601C990094610C /* TIPBrushPaint.m */ = {isa = PBXFileReference; fileEncoding = 30; lastKnownFileType = sourcecode.c.objc; path = TIPBrushPaint.m; sourceTree = "<group>"; };
		3E0A59B60C601C990094610C /* TIPLayer.h */ = {isa = PBXFileReference; fileEncoding = 30; lastKnownFileType = sourcecode.c.h; path = TIPLayer.h; sourceTree = "<group>"; };
		3E0A59B70C601C990094610C /* TIPPressurePoint.c */ = {isa = PBXFileReference; fileEncoding = 30; lastKnownFileType = sourcecode.c.c; path = TIPPressurePoint.c; sourceTree = "<group>"; };
		3E0A59B80C601C990094610C /* TIPPressurePoint.h */ = {isa = PBXFileReference; fileEncoding = 30; lastKnownFileType = sourcecode.c.h; path = TIPPressurePoint.h; sourceTree = "<group>"; };
		3E0A59C60C601CF20094610C /* CenteredClipView.h */ = {isa = PBXFileReference; fileEncoding = 30; lastKnownFileType = sourcecode.c.h; path = CenteredClipView.h; sourceTree = "<group>"; };
		3E0A59C70C601CF20094610C /* CenteredClipView.m */ = {isa = PBXFileReference; fileEncoding = 30; lastKnownFileType = sourcecode.c.objc; path = CenteredClipView.m; sourceTree = "<group>"; };
		3E0A59CA0C601CF20094610C /* MyScrollView.h */ = {isa = PBXFileReference; fileEncoding = 30; lastKnownFileType = sourcecode.c.h; path = MyScrollView.h; sourceTree = "<group>"; };
		3E0A59CB0C601CF20094610C /* MyScrollView.m */ = {isa = PBXFileReference; fileEncoding = 30; lastKnownFileType = sourcecode.c.objc; path = MyScrollView.m; sourceTree = "<group>"; };
		3E1670640C61740F0014705B /* DripDelegate.h */ = {isa = PBXFileReference; fileEncoding = 4; lastKnownFileType = sourcecode.c.h; path = DripDelegate.h; sourceTree = "<group>"; };
		3E1670650C61740F0014705B /* DripDelegate.m */ = {isa = PBXFileReference; fileEncoding = 4; lastKnownFileType = sourcecode.c.objc; path = DripDelegate.m; sourceTree = "<group>"; };
		3E1671510C61AD830014705B /* SketchController.h */ = {isa = PBXFileReference; fileEncoding = 4; lastKnownFileType = sourcecode.c.h; path = SketchController.h; sourceTree = "<group>"; };
		3E1671520C61AD830014705B /* SketchController.m */ = {isa = PBXFileReference; fileEncoding = 4; lastKnownFileType = sourcecode.c.objc; path = SketchController.m; sourceTree = "<group>"; };
		3E39D9360C67B1A300F0D3FD /* Brush.h */ = {isa = PBXFileReference; fileEncoding = 4; lastKnownFileType = sourcecode.c.h; path = Brush.h; sourceTree = "<group>"; };
		3E39D9370C67B1A300F0D3FD /* Brush.m */ = {isa = PBXFileReference; fileEncoding = 4; lastKnownFileType = sourcecode.c.objc; path = Brush.m; sourceTree = "<group>"; };
		3E5488A90B4C9572005ED4DA /* DripDocumentWindowController.h */ = {isa = PBXFileReference; fileEncoding = 4; lastKnownFileType = sourcecode.c.h; path = DripDocumentWindowController.h; sourceTree = "<group>"; };
		3E5488AA0B4C9572005ED4DA /* DripDocumentWindowController.m */ = {isa = PBXFileReference; fileEncoding = 4; lastKnownFileType = sourcecode.c.objc; path = DripDocumentWindowController.m; sourceTree = "<group>"; };
		3E89C85B0B499F4200134E08 /* Drip_Prefix.pch */ = {isa = PBXFileReference; fileEncoding = 30; lastKnownFileType = sourcecode.c.h; path = Drip_Prefix.pch; sourceTree = "<group>"; };
		3E89C85C0B499F4200134E08 /* main.m */ = {isa = PBXFileReference; fileEncoding = 30; lastKnownFileType = sourcecode.c.objc; path = main.m; sourceTree = "<group>"; };
		3E89C85D0B499F4200134E08 /* DripDocument.h */ = {isa = PBXFileReference; fileEncoding = 30; lastKnownFileType = sourcecode.c.h; path = DripDocument.h; sourceTree = "<group>"; };
		3E89C85E0B499F4200134E08 /* DripDocument.m */ = {isa = PBXFileReference; fileEncoding = 30; lastKnownFileType = sourcecode.c.objc; path = DripDocument.m; sourceTree = "<group>"; };
		3EE0888B0C62C60000CAE28C /* LayerController.h */ = {isa = PBXFileReference; fileEncoding = 4; lastKnownFileType = sourcecode.c.h; path = LayerController.h; sourceTree = "<group>"; };
		3EE0888C0C62C60000CAE28C /* LayerController.m */ = {isa = PBXFileReference; fileEncoding = 4; lastKnownFileType = sourcecode.c.objc; path = LayerController.m; sourceTree = "<group>"; };
		3EE088950C62C6A500CAE28C /* BrushView.h */ = {isa = PBXFileReference; fileEncoding = 4; lastKnownFileType = sourcecode.c.h; path = BrushView.h; sourceTree = "<group>"; };
		3EE088960C62C6A500CAE28C /* BrushView.m */ = {isa = PBXFileReference; fileEncoding = 4; lastKnownFileType = sourcecode.c.objc; path = BrushView.m; sourceTree = "<group>"; };
		3EE088EC0C62F9C400CAE28C /* PaintLayer.h */ = {isa = PBXFileReference; fileEncoding = 4; lastKnownFileType = sourcecode.c.h; path = PaintLayer.h; sourceTree = "<group>"; };
		3EE088ED0C62F9C400CAE28C /* PaintLayer.m */ = {isa = PBXFileReference; fileEncoding = 4; lastKnownFileType = sourcecode.c.objc; path = PaintLayer.m; sourceTree = "<group>"; };
		3EE0890E0C63044000CAE28C /* ScrollingSketchView.h */ = {isa = PBXFileReference; fileEncoding = 4; lastKnownFileType = sourcecode.c.h; path = ScrollingSketchView.h; sourceTree = "<group>"; };
		3EE0890F0C63044000CAE28C /* ScrollingSketchView.m */ = {isa = PBXFileReference; fileEncoding = 4; lastKnownFileType = sourcecode.c.objc; path = ScrollingSketchView.m; sourceTree = "<group>"; };
		3EE089150C6304FB00CAE28C /* Canvas.h */ = {isa = PBXFileReference; fileEncoding = 4; lastKnownFileType = sourcecode.c.h; path = Canvas.h; sourceTree = "<group>"; };
		3EE089160C6304FB00CAE28C /* Canvas.m */ = {isa = PBXFileReference; fileEncoding = 4; lastKnownFileType = sourcecode.c.objc; path = Canvas.m; sourceTree = "<group>"; };
		8D15AC360486D014006FF6A4 /* Info.plist */ = {isa = PBXFileReference; fileEncoding = 4; lastKnownFileType = text.plist; path = Info.plist; sourceTree = "<group>"; };
		8D15AC370486D014006FF6A4 /* Drip.app */ = {isa = PBXFileReference; explicitFileType = wrapper.application; includeInIndex = 0; path = Drip.app; sourceTree = BUILT_PRODUCTS_DIR; };
/* End PBXFileReference section */

/* Begin PBXFrameworksBuildPhase section */
		8D15AC330486D014006FF6A4 /* Frameworks */ = {
			isa = PBXFrameworksBuildPhase;
			buildActionMask = 2147483647;
			files = (
				8D15AC340486D014006FF6A4 /* Cocoa.framework in Frameworks */,
			);
			runOnlyForDeploymentPostprocessing = 0;
		};
/* End PBXFrameworksBuildPhase section */

/* Begin PBXGroup section */
		1058C7A6FEA54F5311CA2CBB /* Linked Frameworks */ = {
			isa = PBXGroup;
			children = (
				1058C7A7FEA54F5311CA2CBB /* Cocoa.framework */,
			);
			name = "Linked Frameworks";
			sourceTree = "<group>";
		};
		1058C7A8FEA54F5311CA2CBB /* Other Frameworks */ = {
			isa = PBXGroup;
			children = (
				2A37F4C4FDCFA73011CA2CEA /* AppKit.framework */,
				13E42FBA07B3F13500E4EEF1 /* CoreData.framework */,
				2A37F4C5FDCFA73011CA2CEA /* Foundation.framework */,
			);
			name = "Other Frameworks";
			sourceTree = "<group>";
		};
		19C28FB0FE9D524F11CA2CBB /* Products */ = {
			isa = PBXGroup;
			children = (
				8D15AC370486D014006FF6A4 /* Drip.app */,
			);
			name = Products;
			sourceTree = "<group>";
		};
		2A37F4AAFDCFA73011CA2CEA /* PROJECTNAME */ = {
			isa = PBXGroup;
			children = (
				3E89C85A0B499F4200134E08 /* Source */,
				2A37F4B8FDCFA73011CA2CEA /* Resources */,
				2A37F4C3FDCFA73011CA2CEA /* Frameworks */,
				19C28FB0FE9D524F11CA2CBB /* Products */,
			);
			name = PROJECTNAME;
			sourceTree = "<group>";
		};
		2A37F4B8FDCFA73011CA2CEA /* Resources */ = {
			isa = PBXGroup;
			children = (
				2A37F4B9FDCFA73011CA2CEA /* Credits.rtf */,
				2A37F4B6FDCFA73011CA2CEA /* MainMenu.nib */,
				2A37F4B4FDCFA73011CA2CEA /* DripDocument.nib */,
				8D15AC360486D014006FF6A4 /* Info.plist */,
				089C165FFE840EACC02AAC07 /* InfoPlist.strings */,
			);
			path = Resources;
			sourceTree = "<group>";
		};
		2A37F4C3FDCFA73011CA2CEA /* Frameworks */ = {
			isa = PBXGroup;
			children = (
				1058C7A6FEA54F5311CA2CBB /* Linked Frameworks */,
				1058C7A8FEA54F5311CA2CBB /* Other Frameworks */,
			);
			name = Frameworks;
			sourceTree = "<group>";
		};
		3E0A59D20C601D1A0094610C /* Brushes */ = {
			isa = PBXGroup;
			children = (
				3E0A59AE0C601C980094610C /* TIPBrush.h */,
				3E0A59AF0C601C980094610C /* TIPBrush.m */,
				3E0A59B20C601C980094610C /* TIPBrushEraser.h */,
				3E0A59B30C601C980094610C /* TIPBrushEraser.m */,
				3E0A59B40C601C990094610C /* TIPBrushPaint.h */,
				3E0A59B50C601C990094610C /* TIPBrushPaint.m */,
				3E39D9360C67B1A300F0D3FD /* Brush.h */,
				3E39D9370C67B1A300F0D3FD /* Brush.m */,
			);
			name = Brushes;
			sourceTree = "<group>";
		};
		3E0A59D30C601D2B0094610C /* Centered View */ = {
			isa = PBXGroup;
			children = (
				3E0A59C60C601CF20094610C /* CenteredClipView.h */,
				3E0A59C70C601CF20094610C /* CenteredClipView.m */,
				3E0A59CA0C601CF20094610C /* MyScrollView.h */,
				3E0A59CB0C601CF20094610C /* MyScrollView.m */,
			);
			name = "Centered View";
			sourceTree = "<group>";
		};
		3E0A59E80C601EA20094610C /* Document */ = {
			isa = PBXGroup;
			children = (
				3E89C85D0B499F4200134E08 /* DripDocument.h */,
				3E89C85E0B499F4200134E08 /* DripDocument.m */,
				3E5488A90B4C9572005ED4DA /* DripDocumentWindowController.h */,
				3E5488AA0B4C9572005ED4DA /* DripDocumentWindowController.m */,
				3E0A59B00C601C980094610C /* TIPBrushController.h */,
				3E0A59B10C601C980094610C /* TIPBrushController.m */,
				3E1671510C61AD830014705B /* SketchController.h */,
				3E1671520C61AD830014705B /* SketchController.m */,
			);
			name = Document;
			sourceTree = "<group>";
		};
		3E89C85A0B499F4200134E08 /* Source */ = {
			isa = PBXGroup;
			children = (
				3E0A59D30C601D2B0094610C /* Centered View */,
				3E0A59D20C601D1A0094610C /* Brushes */,
				3E0A59E80C601EA20094610C /* Document */,
				3E0A59AC0C601C980094610C /* SketchView.h */,
				3E0A59AD0C601C980094610C /* SketchView.m */,
				3E0A59B60C601C990094610C /* TIPLayer.h */,
				3E0A59B70C601C990094610C /* TIPPressurePoint.c */,
				3E0A59B80C601C990094610C /* TIPPressurePoint.h */,
				3E89C85B0B499F4200134E08 /* Drip_Prefix.pch */,
				3E89C85C0B499F4200134E08 /* main.m */,
				3E1670640C61740F0014705B /* DripDelegate.h */,
				3E1670650C61740F0014705B /* DripDelegate.m */,
				3EE0888B0C62C60000CAE28C /* LayerController.h */,
				3EE0888C0C62C60000CAE28C /* LayerController.m */,
				3EE088950C62C6A500CAE28C /* BrushView.h */,
				3EE088960C62C6A500CAE28C /* BrushView.m */,
				3EE088EC0C62F9C400CAE28C /* PaintLayer.h */,
				3EE088ED0C62F9C400CAE28C /* PaintLayer.m */,
				3EE0890E0C63044000CAE28C /* ScrollingSketchView.h */,
				3EE0890F0C63044000CAE28C /* ScrollingSketchView.m */,
				3EE089150C6304FB00CAE28C /* Canvas.h */,
				3EE089160C6304FB00CAE28C /* Canvas.m */,
			);
			path = Source;
			sourceTree = "<group>";
		};
/* End PBXGroup section */

/* Begin PBXNativeTarget section */
		8D15AC270486D014006FF6A4 /* Drip */ = {
			isa = PBXNativeTarget;
			buildConfigurationList = C05733C708A9546B00998B17 /* Build configuration list for PBXNativeTarget "Drip" */;
			buildPhases = (
				8D15AC2B0486D014006FF6A4 /* Resources */,
				8D15AC300486D014006FF6A4 /* Sources */,
				8D15AC330486D014006FF6A4 /* Frameworks */,
				3E903CF90BC58B55009B6F93 /* Strip Symbols */,
				3EFF81F20B5586520049AD7D /* Remove Headers */,
				3EFF821B0B558E330049AD7D /* Set SVN Revision number */,
				3EFF81EA0B5585980049AD7D /* Make DMG */,
			);
			buildRules = (
			);
			dependencies = (
			);
			name = Drip;
			productInstallPath = "$(HOME)/Applications";
			productName = Drip;
			productReference = 8D15AC370486D014006FF6A4 /* Drip.app */;
			productType = "com.apple.product-type.application";
		};
/* End PBXNativeTarget section */

/* Begin PBXProject section */
		2A37F4A9FDCFA73011CA2CEA /* Project object */ = {
			isa = PBXProject;
			buildConfigurationList = C05733CB08A9546B00998B17 /* Build configuration list for PBXProject "Drip" */;
			hasScannedForEncodings = 1;
			mainGroup = 2A37F4AAFDCFA73011CA2CEA /* PROJECTNAME */;
			projectDirPath = "";
			targets = (
				8D15AC270486D014006FF6A4 /* Drip */,
			);
		};
/* End PBXProject section */

/* Begin PBXResourcesBuildPhase section */
		8D15AC2B0486D014006FF6A4 /* Resources */ = {
			isa = PBXResourcesBuildPhase;
			buildActionMask = 2147483647;
			files = (
				8D15AC2C0486D014006FF6A4 /* Credits.rtf in Resources */,
				8D15AC2D0486D014006FF6A4 /* MainMenu.nib in Resources */,
				8D15AC2E0486D014006FF6A4 /* DripDocument.nib in Resources */,
				8D15AC2F0486D014006FF6A4 /* InfoPlist.strings in Resources */,
			);
			runOnlyForDeploymentPostprocessing = 0;
		};
/* End PBXResourcesBuildPhase section */

/* Begin PBXShellScriptBuildPhase section */
		3E903CF90BC58B55009B6F93 /* Strip Symbols */ = {
			isa = PBXShellScriptBuildPhase;
			buildActionMask = 2147483647;
			files = (
			);
			inputPaths = (
			);
			name = "Strip Symbols";
			outputPaths = (
			);
			runOnlyForDeploymentPostprocessing = 0;
			shellPath = "/usr/bin/perl -w";
			shellScript = "#\n# Last updated: 21MAR06, Andy O'Meara and Rob Barris\n#\n# This is an Xcode post-build phase script for devs who sleep better at night knowing\n#    that their deployment binaries are as stripped as possible.  This makes life more difficult\n#    for a hacker/cracker to locate sensitive code to trace, study, and/or extract.\n#\n# This script will execute only if the Xcode \"Deployment Postprocessing\" setting\n#    is set (aka DEPLOYMENT_POSTPROCESSING).\n#\n# The downside to shipping a stripped binary is that your user's crash reports\n#    will be useless unless you have a link map to convert code offsets (from a stack trace)\n#    into proc names.  To address this, this script moves your pre-stripped executable\n#    to the build dir, appending \"_full\" to the filename, allowing you to retain it for\n#    the day you need it in order to decipher a stack trace.  You do this by using 'atos'\n#    with the original generated binary (type 'man atos' for info).\n#\n# Recommended Xcode build settings:\n#    Dead Code Stripping                  YES\n#    Only Link In Essential Symbols       NO\n#    Deployment Postprocessing            YES (this activates this script)\n#    Strip Linked Product                 NO\n#    Use Separate Strip                   NO\n#    Strip Style                          All Symbols\n#    Strip Debug Symbols During Copy      NO\n#    Preserve Private External Symbols    NO\n#    Separate PCH Symbols                 YES\n#    Symbols Hidden By Default            YES (Critical!)\n#    Inline Functions Hidden              YES\n#\n# Note that if you're building a dynamic library, you'll need to explicitly\n#    declare any symbols that you want to be exported.  See the following:\n#    file:///Developer/ADC%20Reference%20Library/documentation/DeveloperTools/Conceptual/CppRuntimeEnv/Articles/SymbolVisibility.html\n#\n\nuse strict;\n\ndie \"$0: Must be run from Xcode\" unless $ENV{\"BUILT_PRODUCTS_DIR\"};\n\n# This script is activated via an Xcode env flag.\nif ( $ENV{DEPLOYMENT_POSTPROCESSING} ne \"YES\" ) {\n   exit 0;\n}\n\nprint \"\\n\\n==================== Commencing external stripping phase...\\n\";\n        \nmy $BINARY       = \"$ENV{BUILT_PRODUCTS_DIR}/$ENV{WRAPPER_NAME}/Contents/MacOS/$ENV{EXECUTABLE_NAME}\";\nmy $BINARY_FULL  = \"$ENV{BUILT_PRODUCTS_DIR}/$ENV{EXECUTABLE_NAME}_full\";\nmy $BINARY_i386  = \"${BINARY}_i386\";\nmy $BINARY_ppc   = \"${BINARY}_ppc\";\n\n       \n# Extract each arch into a \"thin\" binary for stripping\n`lipo \"$BINARY\" -thin  ppc -output \"$BINARY_ppc\" `;\n`lipo \"$BINARY\" -thin i386 -output \"$BINARY_i386\"`;\n\n# Retain the orignal binary for QA and use with the util 'atos'\n`mv -f \"$BINARY\" \"$BINARY_FULL\"`;\n\n# Perform desired stripping on each thin binary.  \n`strip -S -x -o \"${BINARY_ppc}_tmp\"  -r \"$BINARY_ppc\" `;\n`strip -S -x -o \"${BINARY_i386}_tmp\" -r \"$BINARY_i386\"`;\n\n# We're now done with the original thin binaries, so chuck them.\n`rm -f \"$BINARY_ppc\" `;\n`rm -f \"$BINARY_i386\"`;\n\n# Make the new universal binary from our stripped thin pieces.\n`lipo -arch i386 \"${BINARY_i386}_tmp\" -arch ppc \"${BINARY_ppc}_tmp\" -create -output \"$BINARY\"`;\n\n# We're now done with the temp thin binaries, so chuck them.\n`rm -f \"${BINARY_ppc}_tmp\" `;\n`rm -f \"${BINARY_i386}_tmp\"`;\n\n\nprint \"\\n==================== External strip phase complete\\n\";\n\n\n#EOF";
		};
		3EFF81EA0B5585980049AD7D /* Make DMG */ = {
			isa = PBXShellScriptBuildPhase;
			buildActionMask = 2147483647;
			files = (
			);
			inputPaths = (
				"$(BUILT_PRODUCTS_DIR)/$(PRODUCT_NAME).app",
			);
			name = "Make DMG";
			outputPaths = (
				"$(SRCROOT)/build/$(PRODUCT_NAME).dmg",
			);
			runOnlyForDeploymentPostprocessing = 0;
			shellPath = /bin/sh;
			shellScript = "if [ $BUILD_STYLE != \"Release\" ]; then\n\texit\nfi\n\n#unmount any volumes that look like this one\nhdiutil detach /Volumes/$PRODUCT_NAME\n\n# if a previous copy of the image exists, remove it\nrm -f build/$PRODUCT_NAME.dmg\n\n# create the image.\nhdiutil create build/$PRODUCT_NAME.dmg -srcfolder $BUILT_PRODUCTS_DIR -fs HFS+ -volname \"$PRODUCT_NAME\"";
		};
		3EFF81F20B5586520049AD7D /* Remove Headers */ = {
			isa = PBXShellScriptBuildPhase;
			buildActionMask = 2147483647;
			files = (
			);
			inputPaths = (
			);
			name = "Remove Headers";
			outputPaths = (
			);
			runOnlyForDeploymentPostprocessing = 0;
			shellPath = /bin/sh;
			shellScript = "### We only run on \"Release\" builds...\nif [[ $BUILD_STYLE != 'Release' ]] ; then\n\texit 0\nfi\n\nfind \"$TARGET_BUILD_DIR/$FULL_PRODUCT_NAME\" -path '*/Headers/*' -delete\n\nfind \"$TARGET_BUILD_DIR/$FULL_PRODUCT_NAME\" -name 'Headers' -type d -delete\n\nfind \"$TARGET_BUILD_DIR/$FULL_PRODUCT_NAME\" -name 'Headers' -type l -delete";
		};
		3EFF821B0B558E330049AD7D /* Set SVN Revision number */ = {
			isa = PBXShellScriptBuildPhase;
			buildActionMask = 2147483647;
			files = (
			);
			inputPaths = (
			);
			name = "Set SVN Revision number";
			outputPaths = (
			);
			runOnlyForDeploymentPostprocessing = 0;
			shellPath = "/usr/bin/perl -w";
			shellScript = "# Xcode auto-versioning script for Subversion\n# by Axel Andersson, modified by Daniel Jalkut to add\n# \"--revision HEAD\" to the svn info line, which allows\n# the latest revision to always be used.\n\nuse strict;\n\ndie \"$0: Must be run from Xcode\" unless $ENV{\"BUILT_PRODUCTS_DIR\"};\n\n# Get the current subversion revision number and use it to set the CFBundleVersion value\nmy $REV = `/usr/local/bin/svnversion -n ./`;\nmy $INFO = \"$ENV{BUILT_PRODUCTS_DIR}/$ENV{WRAPPER_NAME}/Contents/Info.plist\";\n\nmy $version = $REV;\n\n# (Match the last group of digits and optional letter M/S):\n\n# ugly yet functional (barely) regex by Daniel Jalkut:\n#$version =~ s/([\\d]*:)(\\d+[M|S]*).*/$2/;\n\n# better yet still functional regex via Kevin \"Regex Nerd\" Ballard\n($version =~ m/\\d+[MS]*$/) && ($version = $&);\n\ndie \"$0: No Subversion revision found\" unless $version;\n\nopen(FH, \"$INFO\") or die \"$0: $INFO: $!\";\nmy $info = join(\"\", <FH>);\nclose(FH);\n\n$info =~ s/([\\t ]+<key>CFBundleVersion<\\/key>\\n[\\t ]+<string>).*?(<\\/string>)/$1$version$2/;\n\nopen(FH, \">$INFO\") or die \"$0: $INFO: $!\";\nprint FH $info;\nclose(FH);";
		};
/* End PBXShellScriptBuildPhase section */

/* Begin PBXSourcesBuildPhase section */
		8D15AC300486D014006FF6A4 /* Sources */ = {
			isa = PBXSourcesBuildPhase;
			buildActionMask = 2147483647;
			files = (
				3E89C85F0B499F4200134E08 /* main.m in Sources */,
				3E89C8600B499F4200134E08 /* DripDocument.m in Sources */,
				3E5488AB0B4C9572005ED4DA /* DripDocumentWindowController.m in Sources */,
				3E0A59B90C601C990094610C /* SketchView.m in Sources */,
				3E0A59BA0C601C990094610C /* TIPBrush.m in Sources */,
				3E0A59BB0C601C990094610C /* TIPBrushController.m in Sources */,
				3E0A59BC0C601C990094610C /* TIPBrushEraser.m in Sources */,
				3E0A59BD0C601C990094610C /* TIPBrushPaint.m in Sources */,
				3E0A59BE0C601C990094610C /* TIPPressurePoint.c in Sources */,
				3E0A59CE0C601CF20094610C /* CenteredClipView.m in Sources */,
				3E0A59D00C601CF20094610C /* MyScrollView.m in Sources */,
				3E1670660C61740F0014705B /* DripDelegate.m in Sources */,
				3E1671530C61AD830014705B /* SketchController.m in Sources */,
				3EE0888D0C62C60000CAE28C /* LayerController.m in Sources */,
				3EE088970C62C6A500CAE28C /* BrushView.m in Sources */,
				3EE088EE0C62F9C400CAE28C /* PaintLayer.m in Sources */,
				3EE089100C63044000CAE28C /* ScrollingSketchView.m in Sources */,
				3EE089170C6304FB00CAE28C /* Canvas.m in Sources */,
				3E39D9380C67B1A300F0D3FD /* Brush.m in Sources */,
			);
			runOnlyForDeploymentPostprocessing = 0;
		};
/* End PBXSourcesBuildPhase section */

/* Begin PBXVariantGroup section */
		089C165FFE840EACC02AAC07 /* InfoPlist.strings */ = {
			isa = PBXVariantGroup;
			children = (
				089C1660FE840EACC02AAC07 /* English */,
			);
			name = InfoPlist.strings;
			sourceTree = "<group>";
		};
		2A37F4B4FDCFA73011CA2CEA /* DripDocument.nib */ = {
			isa = PBXVariantGroup;
			children = (
				2A37F4B5FDCFA73011CA2CEA /* English */,
			);
			name = DripDocument.nib;
			sourceTree = "<group>";
		};
		2A37F4B6FDCFA73011CA2CEA /* MainMenu.nib */ = {
			isa = PBXVariantGroup;
			children = (
				2A37F4B7FDCFA73011CA2CEA /* English */,
			);
			name = MainMenu.nib;
			sourceTree = "<group>";
		};
		2A37F4B9FDCFA73011CA2CEA /* Credits.rtf */ = {
			isa = PBXVariantGroup;
			children = (
				2A37F4BAFDCFA73011CA2CEA /* English */,
			);
			name = Credits.rtf;
			sourceTree = "<group>";
		};
/* End PBXVariantGroup section */

/* Begin XCBuildConfiguration section */
		C05733C808A9546B00998B17 /* Debug */ = {
			isa = XCBuildConfiguration;
			buildSettings = {
				COPY_PHASE_STRIP = NO;
				GCC_DYNAMIC_NO_PIC = NO;
				GCC_ENABLE_FIX_AND_CONTINUE = YES;
				GCC_MODEL_TUNING = G5;
				GCC_OPTIMIZATION_LEVEL = 0;
				INFOPLIST_FILE = Resources/Info.plist;
				INSTALL_PATH = "$(HOME)/Applications";
				PRODUCT_NAME = Drip;
				WRAPPER_EXTENSION = app;
				ZERO_LINK = NO;
			};
			name = Debug;
		};
		C05733C908A9546B00998B17 /* Release */ = {
			isa = XCBuildConfiguration;
			buildSettings = {
				ARCHS = (
					ppc,
					i386,
				);
				COPY_PHASE_STRIP = NO;
				DEAD_CODE_STRIPPING = YES;
				DEPLOYMENT_POSTPROCESSING = YES;
				GCC_GENERATE_DEBUGGING_SYMBOLS = NO;
				GCC_MODEL_TUNING = G5;
				INFOPLIST_FILE = Resources/Info.plist;
				INSTALL_PATH = "$(HOME)/Applications";
				PRODUCT_NAME = Drip;
				WRAPPER_EXTENSION = app;
			};
			name = Release;
		};
		C05733CC08A9546B00998B17 /* Debug */ = {
			isa = XCBuildConfiguration;
			buildSettings = {
				GCC_WARN_ABOUT_RETURN_TYPE = YES;
				GCC_WARN_UNUSED_VARIABLE = YES;
				PREBINDING = NO;
				SDKROOT = /Developer/SDKs/MacOSX10.4u.sdk;
			};
			name = Debug;
		};
		C05733CD08A9546B00998B17 /* Release */ = {
			isa = XCBuildConfiguration;
			buildSettings = {
				GCC_WARN_ABOUT_RETURN_TYPE = YES;
				GCC_WARN_UNUSED_VARIABLE = YES;
				PREBINDING = NO;
				SDKROOT = /Developer/SDKs/MacOSX10.4u.sdk;
			};
			name = Release;
		};
/* End XCBuildConfiguration section */

/* Begin XCConfigurationList section */
		C05733C708A9546B00998B17 /* Build configuration list for PBXNativeTarget "Drip" */ = {
			isa = XCConfigurationList;
			buildConfigurations = (
				C05733C808A9546B00998B17 /* Debug */,
				C05733C908A9546B00998B17 /* Release */,
			);
			defaultConfigurationIsVisible = 0;
			defaultConfigurationName = Release;
		};
		C05733CB08A9546B00998B17 /* Build configuration list for PBXProject "Drip" */ = {
			isa = XCConfigurationList;
			buildConfigurations = (
				C05733CC08A9546B00998B17 /* Debug */,
				C05733CD08A9546B00998B17 /* Release */,
			);
			defaultConfigurationIsVisible = 0;
			defaultConfigurationName = Release;
		};
/* End XCConfigurationList section */
	};
	rootObject = 2A37F4A9FDCFA73011CA2CEA /* Project object */;
}
